// !$*UTF8*$!
{
	archiveVersion = 1;
	classes = {
	};
	objectVersion = 56;
	objects = {

/* Begin PBXBuildFile section */
		031F8E002C0C591700BA92CF /* NetworkService.swift in Sources */ = {isa = PBXBuildFile; fileRef = 031F8DFF2C0C591700BA92CF /* NetworkService.swift */; };
		031F8E022C0C592600BA92CF /* NetworkServiceProtocol.swift in Sources */ = {isa = PBXBuildFile; fileRef = 031F8E012C0C592600BA92CF /* NetworkServiceProtocol.swift */; };
		033CEBA32C105DEF003B9DA9 /* SettingsViewModel.swift in Sources */ = {isa = PBXBuildFile; fileRef = 033CEBA22C105DEE003B9DA9 /* SettingsViewModel.swift */; };
		033CEBA52C105F01003B9DA9 /* CustomerDataModel.swift in Sources */ = {isa = PBXBuildFile; fileRef = 033CEBA42C105F01003B9DA9 /* CustomerDataModel.swift */; };
		033CEBA82C107100003B9DA9 /* SettingsNetworkService.swift in Sources */ = {isa = PBXBuildFile; fileRef = 033CEBA72C107100003B9DA9 /* SettingsNetworkService.swift */; };
		034346A52C0C4A65006EAC8A /* CountryItemView.xib in Resources */ = {isa = PBXBuildFile; fileRef = 034346A42C0C4A65006EAC8A /* CountryItemView.xib */; };
		035A1C422C0E67C50054F186 /* CustomAlertViewController.swift in Sources */ = {isa = PBXBuildFile; fileRef = 035A1C402C0E67C50054F186 /* CustomAlertViewController.swift */; };
		035A1C432C0E67C50054F186 /* CustomAlertViewController.xib in Resources */ = {isa = PBXBuildFile; fileRef = 035A1C412C0E67C50054F186 /* CustomAlertViewController.xib */; };
		036717242C0C171C00BFB9DC /* LocationViewController.swift in Sources */ = {isa = PBXBuildFile; fileRef = 036717222C0C171C00BFB9DC /* LocationViewController.swift */; };
		036717252C0C171C00BFB9DC /* LocationViewController.xib in Resources */ = {isa = PBXBuildFile; fileRef = 036717232C0C171C00BFB9DC /* LocationViewController.xib */; };
		0367172A2C0C1FD000BFB9DC /* AddressesTableViewCell.swift in Sources */ = {isa = PBXBuildFile; fileRef = 036717282C0C1FD000BFB9DC /* AddressesTableViewCell.swift */; };
		0367172B2C0C1FD000BFB9DC /* AddressesTableViewCell.xib in Resources */ = {isa = PBXBuildFile; fileRef = 036717292C0C1FD000BFB9DC /* AddressesTableViewCell.xib */; };
		036C9EA62C0A826D00CEEE92 /* customAppBarUIView.xib in Resources */ = {isa = PBXBuildFile; fileRef = 036C9EA52C0A826D00CEEE92 /* customAppBarUIView.xib */; };
		036C9EA92C0A855300CEEE92 /* CustomAppBarUIView.swift in Sources */ = {isa = PBXBuildFile; fileRef = 036C9EA82C0A855300CEEE92 /* CustomAppBarUIView.swift */; };
		0383BC4B2C0BD0AA00855384 /* ProfileViewController.swift in Sources */ = {isa = PBXBuildFile; fileRef = 0383BC4A2C0BD0A900855384 /* ProfileViewController.swift */; };
		0383BC502C0BEBE900855384 /* ShippingAddressViewController.xib in Resources */ = {isa = PBXBuildFile; fileRef = 0383BC4E2C0BEBE900855384 /* ShippingAddressViewController.xib */; };
		03A7F5522C01484000F68AC7 /* CartViewController.swift in Sources */ = {isa = PBXBuildFile; fileRef = 03A7F5512C01484000F68AC7 /* CartViewController.swift */; };
		03A7F5552C0164E500F68AC7 /* CartTableViewCell.swift in Sources */ = {isa = PBXBuildFile; fileRef = 03A7F5532C0164E500F68AC7 /* CartTableViewCell.swift */; };
		03A7F5562C0164E500F68AC7 /* CartTableViewCell.xib in Resources */ = {isa = PBXBuildFile; fileRef = 03A7F5542C0164E500F68AC7 /* CartTableViewCell.xib */; };
		03B68E052C019DAE0054DA74 /* PaymentMethodTableViewCell.swift in Sources */ = {isa = PBXBuildFile; fileRef = 03B68E032C019DAE0054DA74 /* PaymentMethodTableViewCell.swift */; };
		03B68E062C019DAE0054DA74 /* PaymentMethodTableViewCell.xib in Resources */ = {isa = PBXBuildFile; fileRef = 03B68E042C019DAE0054DA74 /* PaymentMethodTableViewCell.xib */; };
		03B68E082C01A1950054DA74 /* PaymentViewController.swift in Sources */ = {isa = PBXBuildFile; fileRef = 03B68E072C01A1950054DA74 /* PaymentViewController.swift */; };
		03B68E0A2C01A3160054DA74 /* PaymentMethodModel.swift in Sources */ = {isa = PBXBuildFile; fileRef = 03B68E092C01A3160054DA74 /* PaymentMethodModel.swift */; };
		03BAA12F2C14302E00A325AB /* DatabaseService.swift in Sources */ = {isa = PBXBuildFile; fileRef = 03BAA12E2C14302E00A325AB /* DatabaseService.swift */; };
		03BAA1312C14304400A325AB /* DatabaseServiceProtocol.swift in Sources */ = {isa = PBXBuildFile; fileRef = 03BAA1302C14304400A325AB /* DatabaseServiceProtocol.swift */; };
		03C3966B2C0FFB8D00FFADF7 /* ShippingAddressViewController.swift in Sources */ = {isa = PBXBuildFile; fileRef = 0383BC4D2C0BEBE900855384 /* ShippingAddressViewController.swift */; };
		03C396782C0FFC6B00FFADF7 /* ProfileTableViewCell.xib in Resources */ = {isa = PBXBuildFile; fileRef = 03C396722C0FFC6B00FFADF7 /* ProfileTableViewCell.xib */; };
		03C396792C0FFC6B00FFADF7 /* ProfileImageUIView.swift in Sources */ = {isa = PBXBuildFile; fileRef = 03C396742C0FFC6B00FFADF7 /* ProfileImageUIView.swift */; };
		03C3967A2C0FFC6B00FFADF7 /* ProfileImageUIView.xib in Resources */ = {isa = PBXBuildFile; fileRef = 03C396752C0FFC6B00FFADF7 /* ProfileImageUIView.xib */; };
		03C3967B2C0FFC6B00FFADF7 /* ProfileTableViewCell.swift in Sources */ = {isa = PBXBuildFile; fileRef = 03C396762C0FFC6B00FFADF7 /* ProfileTableViewCell.swift */; };
		03C3967C2C0FFC6B00FFADF7 /* SettingsViewController.swift in Sources */ = {isa = PBXBuildFile; fileRef = 03C396772C0FFC6B00FFADF7 /* SettingsViewController.swift */; };
		03C3967E2C0FFD3A00FFADF7 /* PostCustomerAddress.swift in Sources */ = {isa = PBXBuildFile; fileRef = 03C3967D2C0FFD3A00FFADF7 /* PostCustomerAddress.swift */; };
		03C396802C0FFD7A00FFADF7 /* SettingCellModelData.swift in Sources */ = {isa = PBXBuildFile; fileRef = 03C3967F2C0FFD7A00FFADF7 /* SettingCellModelData.swift */; };
		03C396882C10022900FFADF7 /* AddressesViewModel.swift in Sources */ = {isa = PBXBuildFile; fileRef = 03C396862C10022900FFADF7 /* AddressesViewModel.swift */; };
		03C396892C10022900FFADF7 /* AddressesViewModelProtocol.swift in Sources */ = {isa = PBXBuildFile; fileRef = 03C396872C10022900FFADF7 /* AddressesViewModelProtocol.swift */; };
		03C3968B2C10023800FFADF7 /* AddressDataModel.swift in Sources */ = {isa = PBXBuildFile; fileRef = 03C3968A2C10023800FFADF7 /* AddressDataModel.swift */; };
		03C3968D2C10115600FFADF7 /* UpdateLocationDelegate.swift in Sources */ = {isa = PBXBuildFile; fileRef = 03C3968C2C10115600FFADF7 /* UpdateLocationDelegate.swift */; };
		03D6C5B72C0C4F9F00254753 /* CountryItemView.swift in Sources */ = {isa = PBXBuildFile; fileRef = 03D6C5B62C0C4F9F00254753 /* CountryItemView.swift */; };
		03DE270F2C08037800E18567 /* DiscountModel.swift in Sources */ = {isa = PBXBuildFile; fileRef = 03DE270E2C08037800E18567 /* DiscountModel.swift */; };
		03DE27142C080C0300E18567 /* NetworkProtocol.swift in Sources */ = {isa = PBXBuildFile; fileRef = 03DE27132C080C0300E18567 /* NetworkProtocol.swift */; };
		03DE27162C08207100E18567 /* ViewModelProtocol.swift in Sources */ = {isa = PBXBuildFile; fileRef = 03DE27152C08207100E18567 /* ViewModelProtocol.swift */; };
		3BC297D75085200E575E3889 /* Pods_EleganceHub_EleganceHubUITests.framework in Frameworks */ = {isa = PBXBuildFile; fileRef = F5380FBCB266D4065C010708 /* Pods_EleganceHub_EleganceHubUITests.framework */; };
		78E6C913A67E1D0956C26FF0 /* Pods_EleganceHub.framework in Frameworks */ = {isa = PBXBuildFile; fileRef = 3C949754F3348588708BF29C /* Pods_EleganceHub.framework */; };
		7F1BEEDB2C14D71500C5A114 /* SuperCategoryViewController.swift in Sources */ = {isa = PBXBuildFile; fileRef = 7F1BEEDA2C14D71500C5A114 /* SuperCategoryViewController.swift */; };
		7F1BEEDF2C14D72C00C5A114 /* CategoryCollectionViewCell.swift in Sources */ = {isa = PBXBuildFile; fileRef = 7F1BEEDD2C14D72C00C5A114 /* CategoryCollectionViewCell.swift */; };
		7F1BEEE02C14D72C00C5A114 /* CategoryCollectionViewCell.xib in Resources */ = {isa = PBXBuildFile; fileRef = 7F1BEEDE2C14D72C00C5A114 /* CategoryCollectionViewCell.xib */; };
		7F1BEEE22C14D74E00C5A114 /* CategoryViewModel.swift in Sources */ = {isa = PBXBuildFile; fileRef = 7F1BEEE12C14D74E00C5A114 /* CategoryViewModel.swift */; };
		7F1BEEE42C14D76900C5A114 /* CategoryCall.swift in Sources */ = {isa = PBXBuildFile; fileRef = 7F1BEEE32C14D76900C5A114 /* CategoryCall.swift */; };
		7F1BEEEA2C14E00600C5A114 /* OrdersViewModel.swift in Sources */ = {isa = PBXBuildFile; fileRef = 7F1BEEE92C14E00600C5A114 /* OrdersViewModel.swift */; };
		7F1BEEEC2C14E01900C5A114 /* OrdersResponse.swift in Sources */ = {isa = PBXBuildFile; fileRef = 7F1BEEEB2C14E01900C5A114 /* OrdersResponse.swift */; };
		7F1BEEEE2C14F6D800C5A114 /* OrdersViewController.swift in Sources */ = {isa = PBXBuildFile; fileRef = 7F1BEEED2C14F6D700C5A114 /* OrdersViewController.swift */; };
		7F1BEEF02C1507EC00C5A114 /* OrdersService.swift in Sources */ = {isa = PBXBuildFile; fileRef = 7F1BEEEF2C1507EC00C5A114 /* OrdersService.swift */; };
		7F1BEEF42C15138E00C5A114 /* OrdersCell.swift in Sources */ = {isa = PBXBuildFile; fileRef = 7F1BEEF22C15138E00C5A114 /* OrdersCell.swift */; };
		7F1BEEF52C15138E00C5A114 /* OrdersCell.xib in Resources */ = {isa = PBXBuildFile; fileRef = 7F1BEEF32C15138E00C5A114 /* OrdersCell.xib */; };
		7F359E8A2BFE9CFC00D0D733 /* TabBarCorners.swift in Sources */ = {isa = PBXBuildFile; fileRef = 7F359E892BFE9CFC00D0D733 /* TabBarCorners.swift */; };
		7F359E932BFEB9B700D0D733 /* BrandsCollectionViewCell.swift in Sources */ = {isa = PBXBuildFile; fileRef = 7F359E912BFEB9B600D0D733 /* BrandsCollectionViewCell.swift */; };
		7F359E942BFEB9B700D0D733 /* BrandsCollectionViewCell.xib in Resources */ = {isa = PBXBuildFile; fileRef = 7F359E922BFEB9B600D0D733 /* BrandsCollectionViewCell.xib */; };
		7F359E962BFEBD7200D0D733 /* HomeViewController.swift in Sources */ = {isa = PBXBuildFile; fileRef = 7F359E952BFEBD7200D0D733 /* HomeViewController.swift */; };
		7F359E982BFF4DC500D0D733 /* CouponsCollectionViewCell.swift in Sources */ = {isa = PBXBuildFile; fileRef = 7F359E972BFF4DC500D0D733 /* CouponsCollectionViewCell.swift */; };
		7F359E9B2BFF63D400D0D733 /* CouponsCollectionViewCell.xib in Resources */ = {isa = PBXBuildFile; fileRef = 7F359E9A2BFF63D400D0D733 /* CouponsCollectionViewCell.xib */; };
		7F3E469D2BFFF3010096211E /* Constants.swift in Sources */ = {isa = PBXBuildFile; fileRef = 7F3E469B2BFFF3010096211E /* Constants.swift */; };
		7F3E46A22BFFF3160096211E /* SmartCollections.swift in Sources */ = {isa = PBXBuildFile; fileRef = 7F3E469E2BFFF3160096211E /* SmartCollections.swift */; };
		7F3E46A32BFFF3160096211E /* HomeViewModel.swift in Sources */ = {isa = PBXBuildFile; fileRef = 7F3E46A02BFFF3160096211E /* HomeViewModel.swift */; };
		7F3E46A52BFFF9D70096211E /* NetworkCall.swift in Sources */ = {isa = PBXBuildFile; fileRef = 7F3E46A42BFFF9D70096211E /* NetworkCall.swift */; };
		7F3E46AB2C010AB80096211E /* Products.swift in Sources */ = {isa = PBXBuildFile; fileRef = 7F3E46AA2C010AB80096211E /* Products.swift */; };
		7F3E46AF2C0129910096211E /* ProductsTableViewCell.swift in Sources */ = {isa = PBXBuildFile; fileRef = 7F3E46AD2C0129910096211E /* ProductsTableViewCell.swift */; };
		7F3E46B02C0129910096211E /* ProductsTableViewCell.xib in Resources */ = {isa = PBXBuildFile; fileRef = 7F3E46AE2C0129910096211E /* ProductsTableViewCell.xib */; };
		7F3E46B42C013D640096211E /* ProductsViewModel.swift in Sources */ = {isa = PBXBuildFile; fileRef = 7F3E46B32C013D630096211E /* ProductsViewModel.swift */; };
		7F3E46B82C0149340096211E /* ProductViewController.swift in Sources */ = {isa = PBXBuildFile; fileRef = 7F3E46B72C0149340096211E /* ProductViewController.swift */; };
		7F3E46BA2C01E7260096211E /* ProductsCall.swift in Sources */ = {isa = PBXBuildFile; fileRef = 7F3E46B92C01E7260096211E /* ProductsCall.swift */; };
		7FF3BF6C2C163D0A00E7EABC /* OrderDetailsViewController.swift in Sources */ = {isa = PBXBuildFile; fileRef = 7FF3BF6B2C163D0A00E7EABC /* OrderDetailsViewController.swift */; };
		C88C205D2BFE8CAF00886365 /* AppDelegate.swift in Sources */ = {isa = PBXBuildFile; fileRef = C88C205C2BFE8CAF00886365 /* AppDelegate.swift */; };
		C88C205F2BFE8CAF00886365 /* SceneDelegate.swift in Sources */ = {isa = PBXBuildFile; fileRef = C88C205E2BFE8CAF00886365 /* SceneDelegate.swift */; };
		C88C20642BFE8CAF00886365 /* Main.storyboard in Resources */ = {isa = PBXBuildFile; fileRef = C88C20622BFE8CAF00886365 /* Main.storyboard */; };
		C88C20662BFE8CB400886365 /* Assets.xcassets in Resources */ = {isa = PBXBuildFile; fileRef = C88C20652BFE8CB400886365 /* Assets.xcassets */; };
		C88C20692BFE8CB400886365 /* LaunchScreen.storyboard in Resources */ = {isa = PBXBuildFile; fileRef = C88C20672BFE8CB400886365 /* LaunchScreen.storyboard */; };
		C88C20742BFE8CB600886365 /* EleganceHubTests.swift in Sources */ = {isa = PBXBuildFile; fileRef = C88C20732BFE8CB600886365 /* EleganceHubTests.swift */; };
		C88C207E2BFE8CB600886365 /* EleganceHubUITests.swift in Sources */ = {isa = PBXBuildFile; fileRef = C88C207D2BFE8CB600886365 /* EleganceHubUITests.swift */; };
		C88C20802BFE8CB600886365 /* EleganceHubUITestsLaunchTests.swift in Sources */ = {isa = PBXBuildFile; fileRef = C88C207F2BFE8CB600886365 /* EleganceHubUITestsLaunchTests.swift */; };
		D403E2722C00AA4C00AE9C68 /* GoogleService-Info.plist in Resources */ = {isa = PBXBuildFile; fileRef = D403E2712C00AA4C00AE9C68 /* GoogleService-Info.plist */; };
		D403E2742C00B3BA00AE9C68 /* AuthService.swift in Sources */ = {isa = PBXBuildFile; fileRef = D403E2732C00B3BA00AE9C68 /* AuthService.swift */; };
		D403E2762C00BD2400AE9C68 /* UserModel.swift in Sources */ = {isa = PBXBuildFile; fileRef = D403E2752C00BD2400AE9C68 /* UserModel.swift */; };
		D403E27A2C00F47700AE9C68 /* LoginViewController.swift in Sources */ = {isa = PBXBuildFile; fileRef = D403E2792C00F47700AE9C68 /* LoginViewController.swift */; };
		D478FC682BFF49D700BBA2BB /* WelcomeViewController.swift in Sources */ = {isa = PBXBuildFile; fileRef = D478FC672BFF49D700BBA2BB /* WelcomeViewController.swift */; };
		D478FC6C2BFF9AC000BBA2BB /* SignUpViewController.swift in Sources */ = {isa = PBXBuildFile; fileRef = D478FC6B2BFF9AC000BBA2BB /* SignUpViewController.swift */; };
		D4883C532C11261D00EE6C78 /* SizeOptionCell.swift in Sources */ = {isa = PBXBuildFile; fileRef = D4883C522C11261D00EE6C78 /* SizeOptionCell.swift */; };
		D4883C552C11264A00EE6C78 /* ProductDetailViewController.swift in Sources */ = {isa = PBXBuildFile; fileRef = D4883C542C11264A00EE6C78 /* ProductDetailViewController.swift */; };
		D4883C572C112A2100EE6C78 /* ColorSelectorView.swift in Sources */ = {isa = PBXBuildFile; fileRef = D4883C562C112A2100EE6C78 /* ColorSelectorView.swift */; };
		D4883C5B2C11301700EE6C78 /* ProductDetailViewModel.swift in Sources */ = {isa = PBXBuildFile; fileRef = D4883C5A2C11301700EE6C78 /* ProductDetailViewModel.swift */; };
		D4883C5D2C11304200EE6C78 /* ProductDetailNetworkService.swift in Sources */ = {isa = PBXBuildFile; fileRef = D4883C5C2C11304200EE6C78 /* ProductDetailNetworkService.swift */; };
		D4883C5F2C12818000EE6C78 /* ProductImageCell.swift in Sources */ = {isa = PBXBuildFile; fileRef = D4883C5E2C12818000EE6C78 /* ProductImageCell.swift */; };
		D4883C652C14644F00EE6C78 /* UserDefaults.swift in Sources */ = {isa = PBXBuildFile; fileRef = D4883C642C14644F00EE6C78 /* UserDefaults.swift */; };
		D4883C672C1482F900EE6C78 /* LoginNetworkService.swift in Sources */ = {isa = PBXBuildFile; fileRef = D4883C662C1482F900EE6C78 /* LoginNetworkService.swift */; };
		D49953032C0B3EDF004A1DAB /* SearchProductCell.swift in Sources */ = {isa = PBXBuildFile; fileRef = D49953012C0B3EDF004A1DAB /* SearchProductCell.swift */; };
		D49953042C0B3EDF004A1DAB /* SearchProductCell.xib in Resources */ = {isa = PBXBuildFile; fileRef = D49953022C0B3EDF004A1DAB /* SearchProductCell.xib */; };
		D49953062C0BCADE004A1DAB /* Utilities.swift in Sources */ = {isa = PBXBuildFile; fileRef = D49953052C0BCADE004A1DAB /* Utilities.swift */; };
		D4B17FBF2C07A65B00A8F9D3 /* LoginViewModel.swift in Sources */ = {isa = PBXBuildFile; fileRef = D4B17FBE2C07A65B00A8F9D3 /* LoginViewModel.swift */; };
		D4B17FC22C07EF0D00A8F9D3 /* SignUpNetworkService.swift in Sources */ = {isa = PBXBuildFile; fileRef = D4B17FC12C07EF0D00A8F9D3 /* SignUpNetworkService.swift */; };
		D4B17FC72C07F01300A8F9D3 /* SignUpViewModel.swift in Sources */ = {isa = PBXBuildFile; fileRef = D4B17FC62C07F01300A8F9D3 /* SignUpViewModel.swift */; };
		D4F168552C0A5F7700551795 /* ProductModel.swift in Sources */ = {isa = PBXBuildFile; fileRef = D4F168542C0A5F7700551795 /* ProductModel.swift */; };
		D4F168592C0A603F00551795 /* Variants.swift in Sources */ = {isa = PBXBuildFile; fileRef = D4F168582C0A603F00551795 /* Variants.swift */; };
		D4F1685B2C0A60BF00551795 /* Options.swift in Sources */ = {isa = PBXBuildFile; fileRef = D4F1685A2C0A60BF00551795 /* Options.swift */; };
		D4F1685F2C0A72CD00551795 /* SearchViewModel.swift in Sources */ = {isa = PBXBuildFile; fileRef = D4F1685E2C0A72CD00551795 /* SearchViewModel.swift */; };
		D4F168622C0A747000551795 /* SearchViewController.xib in Resources */ = {isa = PBXBuildFile; fileRef = D4F168612C0A747000551795 /* SearchViewController.xib */; };
		D4F168632C0A747000551795 /* SearchViewController.swift in Sources */ = {isa = PBXBuildFile; fileRef = D4F168602C0A747000551795 /* SearchViewController.swift */; };
		DC68DABB496FAAF0D90B9526 /* Pods_EleganceHubTests.framework in Frameworks */ = {isa = PBXBuildFile; fileRef = 0DC1630ABF143E093FFAB7C0 /* Pods_EleganceHubTests.framework */; };
/* End PBXBuildFile section */

/* Begin PBXContainerItemProxy section */
		C88C20702BFE8CB500886365 /* PBXContainerItemProxy */ = {
			isa = PBXContainerItemProxy;
			containerPortal = C88C20512BFE8CAF00886365 /* Project object */;
			proxyType = 1;
			remoteGlobalIDString = C88C20582BFE8CAF00886365;
			remoteInfo = EleganceHub;
		};
		C88C207A2BFE8CB600886365 /* PBXContainerItemProxy */ = {
			isa = PBXContainerItemProxy;
			containerPortal = C88C20512BFE8CAF00886365 /* Project object */;
			proxyType = 1;
			remoteGlobalIDString = C88C20582BFE8CAF00886365;
			remoteInfo = EleganceHub;
		};
/* End PBXContainerItemProxy section */

/* Begin PBXFileReference section */
		031F8DFF2C0C591700BA92CF /* NetworkService.swift */ = {isa = PBXFileReference; lastKnownFileType = sourcecode.swift; path = NetworkService.swift; sourceTree = "<group>"; };
		031F8E012C0C592600BA92CF /* NetworkServiceProtocol.swift */ = {isa = PBXFileReference; lastKnownFileType = sourcecode.swift; path = NetworkServiceProtocol.swift; sourceTree = "<group>"; };
		033CEBA22C105DEE003B9DA9 /* SettingsViewModel.swift */ = {isa = PBXFileReference; lastKnownFileType = sourcecode.swift; path = SettingsViewModel.swift; sourceTree = "<group>"; };
		033CEBA42C105F01003B9DA9 /* CustomerDataModel.swift */ = {isa = PBXFileReference; lastKnownFileType = sourcecode.swift; path = CustomerDataModel.swift; sourceTree = "<group>"; };
		033CEBA72C107100003B9DA9 /* SettingsNetworkService.swift */ = {isa = PBXFileReference; lastKnownFileType = sourcecode.swift; path = SettingsNetworkService.swift; sourceTree = "<group>"; };
		034346A42C0C4A65006EAC8A /* CountryItemView.xib */ = {isa = PBXFileReference; lastKnownFileType = file.xib; path = CountryItemView.xib; sourceTree = "<group>"; };
		035A1C402C0E67C50054F186 /* CustomAlertViewController.swift */ = {isa = PBXFileReference; lastKnownFileType = sourcecode.swift; path = CustomAlertViewController.swift; sourceTree = "<group>"; };
		035A1C412C0E67C50054F186 /* CustomAlertViewController.xib */ = {isa = PBXFileReference; lastKnownFileType = file.xib; path = CustomAlertViewController.xib; sourceTree = "<group>"; };
		036717222C0C171C00BFB9DC /* LocationViewController.swift */ = {isa = PBXFileReference; lastKnownFileType = sourcecode.swift; path = LocationViewController.swift; sourceTree = "<group>"; };
		036717232C0C171C00BFB9DC /* LocationViewController.xib */ = {isa = PBXFileReference; lastKnownFileType = file.xib; path = LocationViewController.xib; sourceTree = "<group>"; };
		036717282C0C1FD000BFB9DC /* AddressesTableViewCell.swift */ = {isa = PBXFileReference; lastKnownFileType = sourcecode.swift; path = AddressesTableViewCell.swift; sourceTree = "<group>"; };
		036717292C0C1FD000BFB9DC /* AddressesTableViewCell.xib */ = {isa = PBXFileReference; lastKnownFileType = file.xib; path = AddressesTableViewCell.xib; sourceTree = "<group>"; };
		036C9EA52C0A826D00CEEE92 /* customAppBarUIView.xib */ = {isa = PBXFileReference; lastKnownFileType = file.xib; path = customAppBarUIView.xib; sourceTree = "<group>"; };
		036C9EA82C0A855300CEEE92 /* CustomAppBarUIView.swift */ = {isa = PBXFileReference; lastKnownFileType = sourcecode.swift; path = CustomAppBarUIView.swift; sourceTree = "<group>"; };
		0383BC4A2C0BD0A900855384 /* ProfileViewController.swift */ = {isa = PBXFileReference; lastKnownFileType = sourcecode.swift; path = ProfileViewController.swift; sourceTree = "<group>"; };
		0383BC4D2C0BEBE900855384 /* ShippingAddressViewController.swift */ = {isa = PBXFileReference; lastKnownFileType = sourcecode.swift; path = ShippingAddressViewController.swift; sourceTree = "<group>"; };
		0383BC4E2C0BEBE900855384 /* ShippingAddressViewController.xib */ = {isa = PBXFileReference; lastKnownFileType = file.xib; path = ShippingAddressViewController.xib; sourceTree = "<group>"; };
		03A7F5512C01484000F68AC7 /* CartViewController.swift */ = {isa = PBXFileReference; lastKnownFileType = sourcecode.swift; path = CartViewController.swift; sourceTree = "<group>"; };
		03A7F5532C0164E500F68AC7 /* CartTableViewCell.swift */ = {isa = PBXFileReference; lastKnownFileType = sourcecode.swift; path = CartTableViewCell.swift; sourceTree = "<group>"; };
		03A7F5542C0164E500F68AC7 /* CartTableViewCell.xib */ = {isa = PBXFileReference; lastKnownFileType = file.xib; path = CartTableViewCell.xib; sourceTree = "<group>"; };
		03B68E032C019DAE0054DA74 /* PaymentMethodTableViewCell.swift */ = {isa = PBXFileReference; lastKnownFileType = sourcecode.swift; path = PaymentMethodTableViewCell.swift; sourceTree = "<group>"; };
		03B68E042C019DAE0054DA74 /* PaymentMethodTableViewCell.xib */ = {isa = PBXFileReference; lastKnownFileType = file.xib; path = PaymentMethodTableViewCell.xib; sourceTree = "<group>"; };
		03B68E072C01A1950054DA74 /* PaymentViewController.swift */ = {isa = PBXFileReference; lastKnownFileType = sourcecode.swift; path = PaymentViewController.swift; sourceTree = "<group>"; };
		03B68E092C01A3160054DA74 /* PaymentMethodModel.swift */ = {isa = PBXFileReference; lastKnownFileType = sourcecode.swift; path = PaymentMethodModel.swift; sourceTree = "<group>"; };
		03BAA12E2C14302E00A325AB /* DatabaseService.swift */ = {isa = PBXFileReference; lastKnownFileType = sourcecode.swift; path = DatabaseService.swift; sourceTree = "<group>"; };
		03BAA1302C14304400A325AB /* DatabaseServiceProtocol.swift */ = {isa = PBXFileReference; lastKnownFileType = sourcecode.swift; path = DatabaseServiceProtocol.swift; sourceTree = "<group>"; };
		03C396722C0FFC6B00FFADF7 /* ProfileTableViewCell.xib */ = {isa = PBXFileReference; fileEncoding = 4; lastKnownFileType = file.xib; path = ProfileTableViewCell.xib; sourceTree = "<group>"; };
		03C396742C0FFC6B00FFADF7 /* ProfileImageUIView.swift */ = {isa = PBXFileReference; fileEncoding = 4; lastKnownFileType = sourcecode.swift; path = ProfileImageUIView.swift; sourceTree = "<group>"; };
		03C396752C0FFC6B00FFADF7 /* ProfileImageUIView.xib */ = {isa = PBXFileReference; fileEncoding = 4; lastKnownFileType = file.xib; path = ProfileImageUIView.xib; sourceTree = "<group>"; };
		03C396762C0FFC6B00FFADF7 /* ProfileTableViewCell.swift */ = {isa = PBXFileReference; fileEncoding = 4; lastKnownFileType = sourcecode.swift; path = ProfileTableViewCell.swift; sourceTree = "<group>"; };
		03C396772C0FFC6B00FFADF7 /* SettingsViewController.swift */ = {isa = PBXFileReference; fileEncoding = 4; lastKnownFileType = sourcecode.swift; path = SettingsViewController.swift; sourceTree = "<group>"; };
		03C3967D2C0FFD3A00FFADF7 /* PostCustomerAddress.swift */ = {isa = PBXFileReference; fileEncoding = 4; lastKnownFileType = sourcecode.swift; path = PostCustomerAddress.swift; sourceTree = "<group>"; };
		03C3967F2C0FFD7A00FFADF7 /* SettingCellModelData.swift */ = {isa = PBXFileReference; lastKnownFileType = sourcecode.swift; path = SettingCellModelData.swift; sourceTree = "<group>"; };
		03C396862C10022900FFADF7 /* AddressesViewModel.swift */ = {isa = PBXFileReference; fileEncoding = 4; lastKnownFileType = sourcecode.swift; path = AddressesViewModel.swift; sourceTree = "<group>"; };
		03C396872C10022900FFADF7 /* AddressesViewModelProtocol.swift */ = {isa = PBXFileReference; fileEncoding = 4; lastKnownFileType = sourcecode.swift; path = AddressesViewModelProtocol.swift; sourceTree = "<group>"; };
		03C3968A2C10023800FFADF7 /* AddressDataModel.swift */ = {isa = PBXFileReference; fileEncoding = 4; lastKnownFileType = sourcecode.swift; path = AddressDataModel.swift; sourceTree = "<group>"; };
		03C3968C2C10115600FFADF7 /* UpdateLocationDelegate.swift */ = {isa = PBXFileReference; lastKnownFileType = sourcecode.swift; path = UpdateLocationDelegate.swift; sourceTree = "<group>"; };
		03D6C5B62C0C4F9F00254753 /* CountryItemView.swift */ = {isa = PBXFileReference; lastKnownFileType = sourcecode.swift; path = CountryItemView.swift; sourceTree = "<group>"; };
		03DE270E2C08037800E18567 /* DiscountModel.swift */ = {isa = PBXFileReference; lastKnownFileType = sourcecode.swift; name = DiscountModel.swift; path = "../New Group/DiscountModel.swift"; sourceTree = "<group>"; };
		03DE27132C080C0300E18567 /* NetworkProtocol.swift */ = {isa = PBXFileReference; lastKnownFileType = sourcecode.swift; path = NetworkProtocol.swift; sourceTree = "<group>"; };
		03DE27152C08207100E18567 /* ViewModelProtocol.swift */ = {isa = PBXFileReference; lastKnownFileType = sourcecode.swift; path = ViewModelProtocol.swift; sourceTree = "<group>"; };
		0DC1630ABF143E093FFAB7C0 /* Pods_EleganceHubTests.framework */ = {isa = PBXFileReference; explicitFileType = wrapper.framework; includeInIndex = 0; path = Pods_EleganceHubTests.framework; sourceTree = BUILT_PRODUCTS_DIR; };
		1BE2F76C89CB56A6C91EF8B7 /* Pods-EleganceHubTests.debug.xcconfig */ = {isa = PBXFileReference; includeInIndex = 1; lastKnownFileType = text.xcconfig; name = "Pods-EleganceHubTests.debug.xcconfig"; path = "Target Support Files/Pods-EleganceHubTests/Pods-EleganceHubTests.debug.xcconfig"; sourceTree = "<group>"; };
		3C949754F3348588708BF29C /* Pods_EleganceHub.framework */ = {isa = PBXFileReference; explicitFileType = wrapper.framework; includeInIndex = 0; path = Pods_EleganceHub.framework; sourceTree = BUILT_PRODUCTS_DIR; };
		7F1BEEDA2C14D71500C5A114 /* SuperCategoryViewController.swift */ = {isa = PBXFileReference; fileEncoding = 4; lastKnownFileType = sourcecode.swift; path = SuperCategoryViewController.swift; sourceTree = "<group>"; };
		7F1BEEDD2C14D72C00C5A114 /* CategoryCollectionViewCell.swift */ = {isa = PBXFileReference; fileEncoding = 4; lastKnownFileType = sourcecode.swift; path = CategoryCollectionViewCell.swift; sourceTree = "<group>"; };
		7F1BEEDE2C14D72C00C5A114 /* CategoryCollectionViewCell.xib */ = {isa = PBXFileReference; fileEncoding = 4; lastKnownFileType = file.xib; path = CategoryCollectionViewCell.xib; sourceTree = "<group>"; };
		7F1BEEE12C14D74E00C5A114 /* CategoryViewModel.swift */ = {isa = PBXFileReference; fileEncoding = 4; lastKnownFileType = sourcecode.swift; path = CategoryViewModel.swift; sourceTree = "<group>"; };
		7F1BEEE32C14D76900C5A114 /* CategoryCall.swift */ = {isa = PBXFileReference; fileEncoding = 4; lastKnownFileType = sourcecode.swift; path = CategoryCall.swift; sourceTree = "<group>"; };
		7F1BEEE92C14E00600C5A114 /* OrdersViewModel.swift */ = {isa = PBXFileReference; lastKnownFileType = sourcecode.swift; path = OrdersViewModel.swift; sourceTree = "<group>"; };
		7F1BEEEB2C14E01900C5A114 /* OrdersResponse.swift */ = {isa = PBXFileReference; lastKnownFileType = sourcecode.swift; path = OrdersResponse.swift; sourceTree = "<group>"; };
		7F1BEEED2C14F6D700C5A114 /* OrdersViewController.swift */ = {isa = PBXFileReference; lastKnownFileType = sourcecode.swift; path = OrdersViewController.swift; sourceTree = "<group>"; };
		7F1BEEEF2C1507EC00C5A114 /* OrdersService.swift */ = {isa = PBXFileReference; lastKnownFileType = sourcecode.swift; path = OrdersService.swift; sourceTree = "<group>"; };
		7F1BEEF22C15138E00C5A114 /* OrdersCell.swift */ = {isa = PBXFileReference; lastKnownFileType = sourcecode.swift; path = OrdersCell.swift; sourceTree = "<group>"; };
		7F1BEEF32C15138E00C5A114 /* OrdersCell.xib */ = {isa = PBXFileReference; lastKnownFileType = file.xib; path = OrdersCell.xib; sourceTree = "<group>"; };
		7F359E892BFE9CFC00D0D733 /* TabBarCorners.swift */ = {isa = PBXFileReference; lastKnownFileType = sourcecode.swift; path = TabBarCorners.swift; sourceTree = "<group>"; };
		7F359E912BFEB9B600D0D733 /* BrandsCollectionViewCell.swift */ = {isa = PBXFileReference; lastKnownFileType = sourcecode.swift; path = BrandsCollectionViewCell.swift; sourceTree = "<group>"; };
		7F359E922BFEB9B600D0D733 /* BrandsCollectionViewCell.xib */ = {isa = PBXFileReference; lastKnownFileType = file.xib; path = BrandsCollectionViewCell.xib; sourceTree = "<group>"; };
		7F359E952BFEBD7200D0D733 /* HomeViewController.swift */ = {isa = PBXFileReference; lastKnownFileType = sourcecode.swift; path = HomeViewController.swift; sourceTree = "<group>"; };
		7F359E972BFF4DC500D0D733 /* CouponsCollectionViewCell.swift */ = {isa = PBXFileReference; lastKnownFileType = sourcecode.swift; path = CouponsCollectionViewCell.swift; sourceTree = "<group>"; };
		7F359E9A2BFF63D400D0D733 /* CouponsCollectionViewCell.xib */ = {isa = PBXFileReference; lastKnownFileType = file.xib; path = CouponsCollectionViewCell.xib; sourceTree = "<group>"; };
		7F3E469B2BFFF3010096211E /* Constants.swift */ = {isa = PBXFileReference; fileEncoding = 4; lastKnownFileType = sourcecode.swift; path = Constants.swift; sourceTree = "<group>"; };
		7F3E469E2BFFF3160096211E /* SmartCollections.swift */ = {isa = PBXFileReference; fileEncoding = 4; lastKnownFileType = sourcecode.swift; path = SmartCollections.swift; sourceTree = "<group>"; };
		7F3E46A02BFFF3160096211E /* HomeViewModel.swift */ = {isa = PBXFileReference; fileEncoding = 4; lastKnownFileType = sourcecode.swift; path = HomeViewModel.swift; sourceTree = "<group>"; };
		7F3E46A42BFFF9D70096211E /* NetworkCall.swift */ = {isa = PBXFileReference; lastKnownFileType = sourcecode.swift; path = NetworkCall.swift; sourceTree = "<group>"; };
		7F3E46AA2C010AB80096211E /* Products.swift */ = {isa = PBXFileReference; lastKnownFileType = sourcecode.swift; path = Products.swift; sourceTree = "<group>"; };
		7F3E46AD2C0129910096211E /* ProductsTableViewCell.swift */ = {isa = PBXFileReference; lastKnownFileType = sourcecode.swift; path = ProductsTableViewCell.swift; sourceTree = "<group>"; };
		7F3E46AE2C0129910096211E /* ProductsTableViewCell.xib */ = {isa = PBXFileReference; lastKnownFileType = file.xib; path = ProductsTableViewCell.xib; sourceTree = "<group>"; };
		7F3E46B32C013D630096211E /* ProductsViewModel.swift */ = {isa = PBXFileReference; lastKnownFileType = sourcecode.swift; path = ProductsViewModel.swift; sourceTree = "<group>"; };
		7F3E46B72C0149340096211E /* ProductViewController.swift */ = {isa = PBXFileReference; lastKnownFileType = sourcecode.swift; path = ProductViewController.swift; sourceTree = "<group>"; };
		7F3E46B92C01E7260096211E /* ProductsCall.swift */ = {isa = PBXFileReference; lastKnownFileType = sourcecode.swift; path = ProductsCall.swift; sourceTree = "<group>"; };
		7FF3BF6B2C163D0A00E7EABC /* OrderDetailsViewController.swift */ = {isa = PBXFileReference; lastKnownFileType = sourcecode.swift; path = OrderDetailsViewController.swift; sourceTree = "<group>"; };
		8742FAA0010C6E09FF4C59DC /* Pods-EleganceHubTests.release.xcconfig */ = {isa = PBXFileReference; includeInIndex = 1; lastKnownFileType = text.xcconfig; name = "Pods-EleganceHubTests.release.xcconfig"; path = "Target Support Files/Pods-EleganceHubTests/Pods-EleganceHubTests.release.xcconfig"; sourceTree = "<group>"; };
		8964028234E4E728CF2EA612 /* Pods-EleganceHub.debug.xcconfig */ = {isa = PBXFileReference; includeInIndex = 1; lastKnownFileType = text.xcconfig; name = "Pods-EleganceHub.debug.xcconfig"; path = "Target Support Files/Pods-EleganceHub/Pods-EleganceHub.debug.xcconfig"; sourceTree = "<group>"; };
		B6B004924D3376DD4DE18E35 /* Pods-EleganceHub-EleganceHubUITests.debug.xcconfig */ = {isa = PBXFileReference; includeInIndex = 1; lastKnownFileType = text.xcconfig; name = "Pods-EleganceHub-EleganceHubUITests.debug.xcconfig"; path = "Target Support Files/Pods-EleganceHub-EleganceHubUITests/Pods-EleganceHub-EleganceHubUITests.debug.xcconfig"; sourceTree = "<group>"; };
		C88C20592BFE8CAF00886365 /* EleganceHub.app */ = {isa = PBXFileReference; explicitFileType = wrapper.application; includeInIndex = 0; path = EleganceHub.app; sourceTree = BUILT_PRODUCTS_DIR; };
		C88C205C2BFE8CAF00886365 /* AppDelegate.swift */ = {isa = PBXFileReference; lastKnownFileType = sourcecode.swift; path = AppDelegate.swift; sourceTree = "<group>"; };
		C88C205E2BFE8CAF00886365 /* SceneDelegate.swift */ = {isa = PBXFileReference; lastKnownFileType = sourcecode.swift; path = SceneDelegate.swift; sourceTree = "<group>"; };
		C88C20632BFE8CAF00886365 /* Base */ = {isa = PBXFileReference; lastKnownFileType = file.storyboard; name = Base; path = Base.lproj/Main.storyboard; sourceTree = "<group>"; };
		C88C20652BFE8CB400886365 /* Assets.xcassets */ = {isa = PBXFileReference; lastKnownFileType = folder.assetcatalog; path = Assets.xcassets; sourceTree = "<group>"; };
		C88C20682BFE8CB400886365 /* Base */ = {isa = PBXFileReference; lastKnownFileType = file.storyboard; name = Base; path = Base.lproj/LaunchScreen.storyboard; sourceTree = "<group>"; };
		C88C206A2BFE8CB400886365 /* Info.plist */ = {isa = PBXFileReference; lastKnownFileType = text.plist.xml; path = Info.plist; sourceTree = "<group>"; };
		C88C206F2BFE8CB500886365 /* EleganceHubTests.xctest */ = {isa = PBXFileReference; explicitFileType = wrapper.cfbundle; includeInIndex = 0; path = EleganceHubTests.xctest; sourceTree = BUILT_PRODUCTS_DIR; };
		C88C20732BFE8CB600886365 /* EleganceHubTests.swift */ = {isa = PBXFileReference; lastKnownFileType = sourcecode.swift; path = EleganceHubTests.swift; sourceTree = "<group>"; };
		C88C20792BFE8CB600886365 /* EleganceHubUITests.xctest */ = {isa = PBXFileReference; explicitFileType = wrapper.cfbundle; includeInIndex = 0; path = EleganceHubUITests.xctest; sourceTree = BUILT_PRODUCTS_DIR; };
		C88C207D2BFE8CB600886365 /* EleganceHubUITests.swift */ = {isa = PBXFileReference; lastKnownFileType = sourcecode.swift; path = EleganceHubUITests.swift; sourceTree = "<group>"; };
		C88C207F2BFE8CB600886365 /* EleganceHubUITestsLaunchTests.swift */ = {isa = PBXFileReference; lastKnownFileType = sourcecode.swift; path = EleganceHubUITestsLaunchTests.swift; sourceTree = "<group>"; };
		D3FA8F1ACF453A7E799A0792 /* Pods-EleganceHub.release.xcconfig */ = {isa = PBXFileReference; includeInIndex = 1; lastKnownFileType = text.xcconfig; name = "Pods-EleganceHub.release.xcconfig"; path = "Target Support Files/Pods-EleganceHub/Pods-EleganceHub.release.xcconfig"; sourceTree = "<group>"; };
		D403E2712C00AA4C00AE9C68 /* GoogleService-Info.plist */ = {isa = PBXFileReference; fileEncoding = 4; lastKnownFileType = text.plist.xml; path = "GoogleService-Info.plist"; sourceTree = "<group>"; };
		D403E2732C00B3BA00AE9C68 /* AuthService.swift */ = {isa = PBXFileReference; lastKnownFileType = sourcecode.swift; path = AuthService.swift; sourceTree = "<group>"; };
		D403E2752C00BD2400AE9C68 /* UserModel.swift */ = {isa = PBXFileReference; lastKnownFileType = sourcecode.swift; path = UserModel.swift; sourceTree = "<group>"; };
		D403E2792C00F47700AE9C68 /* LoginViewController.swift */ = {isa = PBXFileReference; lastKnownFileType = sourcecode.swift; path = LoginViewController.swift; sourceTree = "<group>"; };
		D478FC672BFF49D700BBA2BB /* WelcomeViewController.swift */ = {isa = PBXFileReference; lastKnownFileType = sourcecode.swift; path = WelcomeViewController.swift; sourceTree = "<group>"; };
		D478FC6B2BFF9AC000BBA2BB /* SignUpViewController.swift */ = {isa = PBXFileReference; lastKnownFileType = sourcecode.swift; path = SignUpViewController.swift; sourceTree = "<group>"; };
		D4883C522C11261D00EE6C78 /* SizeOptionCell.swift */ = {isa = PBXFileReference; lastKnownFileType = sourcecode.swift; path = SizeOptionCell.swift; sourceTree = "<group>"; };
		D4883C542C11264A00EE6C78 /* ProductDetailViewController.swift */ = {isa = PBXFileReference; lastKnownFileType = sourcecode.swift; path = ProductDetailViewController.swift; sourceTree = "<group>"; };
		D4883C562C112A2100EE6C78 /* ColorSelectorView.swift */ = {isa = PBXFileReference; lastKnownFileType = sourcecode.swift; path = ColorSelectorView.swift; sourceTree = "<group>"; };
		D4883C5A2C11301700EE6C78 /* ProductDetailViewModel.swift */ = {isa = PBXFileReference; lastKnownFileType = sourcecode.swift; path = ProductDetailViewModel.swift; sourceTree = "<group>"; };
		D4883C5C2C11304200EE6C78 /* ProductDetailNetworkService.swift */ = {isa = PBXFileReference; lastKnownFileType = sourcecode.swift; path = ProductDetailNetworkService.swift; sourceTree = "<group>"; };
		D4883C5E2C12818000EE6C78 /* ProductImageCell.swift */ = {isa = PBXFileReference; lastKnownFileType = sourcecode.swift; path = ProductImageCell.swift; sourceTree = "<group>"; };
		D4883C642C14644F00EE6C78 /* UserDefaults.swift */ = {isa = PBXFileReference; lastKnownFileType = sourcecode.swift; path = UserDefaults.swift; sourceTree = "<group>"; };
		D4883C662C1482F900EE6C78 /* LoginNetworkService.swift */ = {isa = PBXFileReference; lastKnownFileType = sourcecode.swift; path = LoginNetworkService.swift; sourceTree = "<group>"; };
		D49953012C0B3EDF004A1DAB /* SearchProductCell.swift */ = {isa = PBXFileReference; lastKnownFileType = sourcecode.swift; path = SearchProductCell.swift; sourceTree = "<group>"; };
		D49953022C0B3EDF004A1DAB /* SearchProductCell.xib */ = {isa = PBXFileReference; lastKnownFileType = file.xib; path = SearchProductCell.xib; sourceTree = "<group>"; };
		D49953052C0BCADE004A1DAB /* Utilities.swift */ = {isa = PBXFileReference; lastKnownFileType = sourcecode.swift; path = Utilities.swift; sourceTree = "<group>"; };
		D4B17FBE2C07A65B00A8F9D3 /* LoginViewModel.swift */ = {isa = PBXFileReference; lastKnownFileType = sourcecode.swift; path = LoginViewModel.swift; sourceTree = "<group>"; };
		D4B17FC12C07EF0D00A8F9D3 /* SignUpNetworkService.swift */ = {isa = PBXFileReference; lastKnownFileType = sourcecode.swift; path = SignUpNetworkService.swift; sourceTree = "<group>"; };
		D4B17FC62C07F01300A8F9D3 /* SignUpViewModel.swift */ = {isa = PBXFileReference; lastKnownFileType = sourcecode.swift; path = SignUpViewModel.swift; sourceTree = "<group>"; };
		D4F168542C0A5F7700551795 /* ProductModel.swift */ = {isa = PBXFileReference; lastKnownFileType = sourcecode.swift; path = ProductModel.swift; sourceTree = "<group>"; };
		D4F168582C0A603F00551795 /* Variants.swift */ = {isa = PBXFileReference; lastKnownFileType = sourcecode.swift; path = Variants.swift; sourceTree = "<group>"; };
		D4F1685A2C0A60BF00551795 /* Options.swift */ = {isa = PBXFileReference; lastKnownFileType = sourcecode.swift; path = Options.swift; sourceTree = "<group>"; };
		D4F1685E2C0A72CD00551795 /* SearchViewModel.swift */ = {isa = PBXFileReference; lastKnownFileType = sourcecode.swift; path = SearchViewModel.swift; sourceTree = "<group>"; };
		D4F168602C0A747000551795 /* SearchViewController.swift */ = {isa = PBXFileReference; lastKnownFileType = sourcecode.swift; path = SearchViewController.swift; sourceTree = "<group>"; };
		D4F168612C0A747000551795 /* SearchViewController.xib */ = {isa = PBXFileReference; lastKnownFileType = file.xib; path = SearchViewController.xib; sourceTree = "<group>"; };
		EB8234701D34F1C511068448 /* Pods-EleganceHub-EleganceHubUITests.release.xcconfig */ = {isa = PBXFileReference; includeInIndex = 1; lastKnownFileType = text.xcconfig; name = "Pods-EleganceHub-EleganceHubUITests.release.xcconfig"; path = "Target Support Files/Pods-EleganceHub-EleganceHubUITests/Pods-EleganceHub-EleganceHubUITests.release.xcconfig"; sourceTree = "<group>"; };
		F5380FBCB266D4065C010708 /* Pods_EleganceHub_EleganceHubUITests.framework */ = {isa = PBXFileReference; explicitFileType = wrapper.framework; includeInIndex = 0; path = Pods_EleganceHub_EleganceHubUITests.framework; sourceTree = BUILT_PRODUCTS_DIR; };
/* End PBXFileReference section */

/* Begin PBXFrameworksBuildPhase section */
		C88C20562BFE8CAF00886365 /* Frameworks */ = {
			isa = PBXFrameworksBuildPhase;
			buildActionMask = 2147483647;
			files = (
				78E6C913A67E1D0956C26FF0 /* Pods_EleganceHub.framework in Frameworks */,
			);
			runOnlyForDeploymentPostprocessing = 0;
		};
		C88C206C2BFE8CB500886365 /* Frameworks */ = {
			isa = PBXFrameworksBuildPhase;
			buildActionMask = 2147483647;
			files = (
				DC68DABB496FAAF0D90B9526 /* Pods_EleganceHubTests.framework in Frameworks */,
			);
			runOnlyForDeploymentPostprocessing = 0;
		};
		C88C20762BFE8CB600886365 /* Frameworks */ = {
			isa = PBXFrameworksBuildPhase;
			buildActionMask = 2147483647;
			files = (
				3BC297D75085200E575E3889 /* Pods_EleganceHub_EleganceHubUITests.framework in Frameworks */,
			);
			runOnlyForDeploymentPostprocessing = 0;
		};
/* End PBXFrameworksBuildPhase section */

/* Begin PBXGroup section */
		031F8DFE2C0C58F900BA92CF /* NetworkService */ = {
			isa = PBXGroup;
			children = (
				031F8DFF2C0C591700BA92CF /* NetworkService.swift */,
				031F8E012C0C592600BA92CF /* NetworkServiceProtocol.swift */,
			);
			path = NetworkService;
			sourceTree = "<group>";
		};
		033CEBA62C1070DC003B9DA9 /* SettingsNetworkService */ = {
			isa = PBXGroup;
			children = (
				033CEBA72C107100003B9DA9 /* SettingsNetworkService.swift */,
			);
			path = SettingsNetworkService;
			sourceTree = "<group>";
		};
		035A1C3F2C0E678B0054F186 /* CustomAlertView */ = {
			isa = PBXGroup;
			children = (
				035A1C402C0E67C50054F186 /* CustomAlertViewController.swift */,
				035A1C412C0E67C50054F186 /* CustomAlertViewController.xib */,
			);
			path = CustomAlertView;
			sourceTree = "<group>";
		};
		036717212C0C16F900BFB9DC /* LocationsViews */ = {
			isa = PBXGroup;
			children = (
				036717222C0C171C00BFB9DC /* LocationViewController.swift */,
				036717232C0C171C00BFB9DC /* LocationViewController.xib */,
				034346A42C0C4A65006EAC8A /* CountryItemView.xib */,
				03D6C5B62C0C4F9F00254753 /* CountryItemView.swift */,
			);
			path = LocationsViews;
			sourceTree = "<group>";
		};
		036717272C0C1EF300BFB9DC /* AddressesTableViewCell */ = {
			isa = PBXGroup;
			children = (
				036717282C0C1FD000BFB9DC /* AddressesTableViewCell.swift */,
				036717292C0C1FD000BFB9DC /* AddressesTableViewCell.xib */,
			);
			path = AddressesTableViewCell;
			sourceTree = "<group>";
		};
		036C9EA72C0A852E00CEEE92 /* CustomAppBar */ = {
			isa = PBXGroup;
			children = (
				036C9EA52C0A826D00CEEE92 /* customAppBarUIView.xib */,
				036C9EA82C0A855300CEEE92 /* CustomAppBarUIView.swift */,
			);
			path = CustomAppBar;
			sourceTree = "<group>";
		};
		0383BC492C0BD07500855384 /* ProfileViewController */ = {
			isa = PBXGroup;
			children = (
				03C3968E2C101E5E00FFADF7 /* ProfileTableView */,
				0383BC4A2C0BD0A900855384 /* ProfileViewController.swift */,
			);
			path = ProfileViewController;
			sourceTree = "<group>";
		};
		0383BC4C2C0BEB9700855384 /* ShippingAddressView */ = {
			isa = PBXGroup;
			children = (
				036717272C0C1EF300BFB9DC /* AddressesTableViewCell */,
				0383BC4D2C0BEBE900855384 /* ShippingAddressViewController.swift */,
				0383BC4E2C0BEBE900855384 /* ShippingAddressViewController.xib */,
			);
			path = ShippingAddressView;
			sourceTree = "<group>";
		};
		03A7F54D2C01440A00F68AC7 /* Cart */ = {
			isa = PBXGroup;
			children = (
				03A7F54F2C0147FC00F68AC7 /* Model */,
				03A7F54E2C0147F500F68AC7 /* View */,
			);
			path = Cart;
			sourceTree = "<group>";
		};
		03A7F54E2C0147F500F68AC7 /* View */ = {
			isa = PBXGroup;
			children = (
				03B68E022C019D8E0054DA74 /* PaymentView */,
				03B68E012C019D750054DA74 /* CartView */,
			);
			path = View;
			sourceTree = "<group>";
		};
		03A7F54F2C0147FC00F68AC7 /* Model */ = {
			isa = PBXGroup;
			children = (
				03B68E092C01A3160054DA74 /* PaymentMethodModel.swift */,
			);
			path = Model;
			sourceTree = "<group>";
		};
		03B68E012C019D750054DA74 /* CartView */ = {
			isa = PBXGroup;
			children = (
				03A7F5542C0164E500F68AC7 /* CartTableViewCell.xib */,
				03A7F5512C01484000F68AC7 /* CartViewController.swift */,
				03A7F5532C0164E500F68AC7 /* CartTableViewCell.swift */,
			);
			path = CartView;
			sourceTree = "<group>";
		};
		03B68E022C019D8E0054DA74 /* PaymentView */ = {
			isa = PBXGroup;
			children = (
				03B68E032C019DAE0054DA74 /* PaymentMethodTableViewCell.swift */,
				03B68E042C019DAE0054DA74 /* PaymentMethodTableViewCell.xib */,
				03B68E072C01A1950054DA74 /* PaymentViewController.swift */,
			);
			path = PaymentView;
			sourceTree = "<group>";
		};
		03BAA12D2C142FF700A325AB /* DatabaseService */ = {
			isa = PBXGroup;
			children = (
				03BAA12E2C14302E00A325AB /* DatabaseService.swift */,
				03BAA1302C14304400A325AB /* DatabaseServiceProtocol.swift */,
			);
			path = DatabaseService;
			sourceTree = "<group>";
		};
		03C396712C0FFC6B00FFADF7 /* SettingsView */ = {
			isa = PBXGroup;
			children = (
				03C396732C0FFC6B00FFADF7 /* ProfileImageView */,
				03C396772C0FFC6B00FFADF7 /* SettingsViewController.swift */,
			);
			path = SettingsView;
			sourceTree = "<group>";
		};
		03C396732C0FFC6B00FFADF7 /* ProfileImageView */ = {
			isa = PBXGroup;
			children = (
				03C396742C0FFC6B00FFADF7 /* ProfileImageUIView.swift */,
				03C396752C0FFC6B00FFADF7 /* ProfileImageUIView.xib */,
			);
			path = ProfileImageView;
			sourceTree = "<group>";
		};
		03C396852C10022900FFADF7 /* ViewModel */ = {
			isa = PBXGroup;
			children = (
				03C396862C10022900FFADF7 /* AddressesViewModel.swift */,
				03C396872C10022900FFADF7 /* AddressesViewModelProtocol.swift */,
			);
			path = ViewModel;
			sourceTree = "<group>";
		};
		03C3968E2C101E5E00FFADF7 /* ProfileTableView */ = {
			isa = PBXGroup;
			children = (
				03C396722C0FFC6B00FFADF7 /* ProfileTableViewCell.xib */,
				03C396762C0FFC6B00FFADF7 /* ProfileTableViewCell.swift */,
			);
			path = ProfileTableView;
			sourceTree = "<group>";
		};
		03DE27112C08067B00E18567 /* DataModel */ = {
			isa = PBXGroup;
			children = (
				03DE270E2C08037800E18567 /* DiscountModel.swift */,
			);
			path = DataModel;
			sourceTree = "<group>";
		};
		03DE27122C080BD700E18567 /* Contract */ = {
			isa = PBXGroup;
			children = (
				03DE27132C080C0300E18567 /* NetworkProtocol.swift */,
				03DE27152C08207100E18567 /* ViewModelProtocol.swift */,
			);
			path = Contract;
			sourceTree = "<group>";
		};
		03E40B652C01E23B00345DE2 /* Profile */ = {
			isa = PBXGroup;
			children = (
				03C396852C10022900FFADF7 /* ViewModel */,
				03E40B682C01E28F00345DE2 /* Model */,
				03E40B662C01E24500345DE2 /* View */,
			);
			path = Profile;
			sourceTree = "<group>";
		};
		03E40B662C01E24500345DE2 /* View */ = {
			isa = PBXGroup;
			children = (
				035A1C3F2C0E678B0054F186 /* CustomAlertView */,
				036717212C0C16F900BFB9DC /* LocationsViews */,
				0383BC4C2C0BEB9700855384 /* ShippingAddressView */,
				0383BC492C0BD07500855384 /* ProfileViewController */,
				03C3968C2C10115600FFADF7 /* UpdateLocationDelegate.swift */,
			);
			path = View;
			sourceTree = "<group>";
		};
		03E40B682C01E28F00345DE2 /* Model */ = {
			isa = PBXGroup;
			children = (
				031F8DFE2C0C58F900BA92CF /* NetworkService */,
				03C3967F2C0FFD7A00FFADF7 /* SettingCellModelData.swift */,
				03C3967D2C0FFD3A00FFADF7 /* PostCustomerAddress.swift */,
				03C3968A2C10023800FFADF7 /* AddressDataModel.swift */,
			);
			path = Model;
			sourceTree = "<group>";
		};
		03F4232D2C0FE8BC00002316 /* Settings */ = {
			isa = PBXGroup;
			children = (
				03F423302C0FE8D600002316 /* Model */,
				03F4232F2C0FE8CE00002316 /* View */,
				03F4232E2C0FE8C500002316 /* ViewModel */,
			);
			path = Settings;
			sourceTree = "<group>";
		};
		03F4232E2C0FE8C500002316 /* ViewModel */ = {
			isa = PBXGroup;
			children = (
				033CEBA22C105DEE003B9DA9 /* SettingsViewModel.swift */,
			);
			path = ViewModel;
			sourceTree = "<group>";
		};
		03F4232F2C0FE8CE00002316 /* View */ = {
			isa = PBXGroup;
			children = (
				03C396712C0FFC6B00FFADF7 /* SettingsView */,
			);
			path = View;
			sourceTree = "<group>";
		};
		03F423302C0FE8D600002316 /* Model */ = {
			isa = PBXGroup;
			children = (
				03BAA12D2C142FF700A325AB /* DatabaseService */,
				033CEBA62C1070DC003B9DA9 /* SettingsNetworkService */,
				033CEBA42C105F01003B9DA9 /* CustomerDataModel.swift */,
			);
			path = Model;
			sourceTree = "<group>";
		};
		243E6118410299118C4FF905 /* Pods */ = {
			isa = PBXGroup;
			children = (
				8964028234E4E728CF2EA612 /* Pods-EleganceHub.debug.xcconfig */,
				D3FA8F1ACF453A7E799A0792 /* Pods-EleganceHub.release.xcconfig */,
				B6B004924D3376DD4DE18E35 /* Pods-EleganceHub-EleganceHubUITests.debug.xcconfig */,
				EB8234701D34F1C511068448 /* Pods-EleganceHub-EleganceHubUITests.release.xcconfig */,
				1BE2F76C89CB56A6C91EF8B7 /* Pods-EleganceHubTests.debug.xcconfig */,
				8742FAA0010C6E09FF4C59DC /* Pods-EleganceHubTests.release.xcconfig */,
			);
			path = Pods;
			sourceTree = "<group>";
		};
		7F1BEED62C14D54000C5A114 /* Category */ = {
			isa = PBXGroup;
			children = (
				7F1BEED92C14D56500C5A114 /* Model */,
				7F1BEED82C14D55900C5A114 /* ViewModel */,
				7F1BEED72C14D55400C5A114 /* View */,
			);
			path = Category;
			sourceTree = "<group>";
		};
		7F1BEED72C14D55400C5A114 /* View */ = {
			isa = PBXGroup;
			children = (
				7F1BEEDC2C14D71C00C5A114 /* Cell */,
				7F1BEEDA2C14D71500C5A114 /* SuperCategoryViewController.swift */,
			);
			path = View;
			sourceTree = "<group>";
		};
		7F1BEED82C14D55900C5A114 /* ViewModel */ = {
			isa = PBXGroup;
			children = (
				7F1BEEE12C14D74E00C5A114 /* CategoryViewModel.swift */,
			);
			path = ViewModel;
			sourceTree = "<group>";
		};
		7F1BEED92C14D56500C5A114 /* Model */ = {
			isa = PBXGroup;
			children = (
				7F1BEEE32C14D76900C5A114 /* CategoryCall.swift */,
			);
			path = Model;
			sourceTree = "<group>";
		};
		7F1BEEDC2C14D71C00C5A114 /* Cell */ = {
			isa = PBXGroup;
			children = (
				7F1BEEDD2C14D72C00C5A114 /* CategoryCollectionViewCell.swift */,
				7F1BEEDE2C14D72C00C5A114 /* CategoryCollectionViewCell.xib */,
			);
			path = Cell;
			sourceTree = "<group>";
		};
		7F1BEEE52C14DD7D00C5A114 /* Orders */ = {
			isa = PBXGroup;
			children = (
				7F1BEEE82C14DFEB00C5A114 /* Model */,
				7F1BEEE72C14DFE300C5A114 /* ViewModel */,
				7F1BEEE62C14DFD500C5A114 /* View */,
			);
			path = Orders;
			sourceTree = "<group>";
		};
		7F1BEEE62C14DFD500C5A114 /* View */ = {
			isa = PBXGroup;
			children = (
				7F1BEEF12C15137100C5A114 /* Cell */,
				7F1BEEED2C14F6D700C5A114 /* OrdersViewController.swift */,
				7FF3BF6B2C163D0A00E7EABC /* OrderDetailsViewController.swift */,
			);
			path = View;
			sourceTree = "<group>";
		};
		7F1BEEE72C14DFE300C5A114 /* ViewModel */ = {
			isa = PBXGroup;
			children = (
				7F1BEEE92C14E00600C5A114 /* OrdersViewModel.swift */,
			);
			path = ViewModel;
			sourceTree = "<group>";
		};
		7F1BEEE82C14DFEB00C5A114 /* Model */ = {
			isa = PBXGroup;
			children = (
				7F1BEEEB2C14E01900C5A114 /* OrdersResponse.swift */,
				7F1BEEEF2C1507EC00C5A114 /* OrdersService.swift */,
			);
			path = Model;
			sourceTree = "<group>";
		};
		7F1BEEF12C15137100C5A114 /* Cell */ = {
			isa = PBXGroup;
			children = (
				7F1BEEF22C15138E00C5A114 /* OrdersCell.swift */,
				7F1BEEF32C15138E00C5A114 /* OrdersCell.xib */,
			);
			path = Cell;
			sourceTree = "<group>";
		};
		7F359E8D2BFEA9DA00D0D733 /* Home */ = {
			isa = PBXGroup;
			children = (
				03DE27122C080BD700E18567 /* Contract */,
				7F3E469F2BFFF3160096211E /* Model */,
				7F3E46A12BFFF3160096211E /* ViewModel */,
				7F359E8E2BFEA9EE00D0D733 /* View */,
			);
			path = Home;
			sourceTree = "<group>";
		};
		7F359E8E2BFEA9EE00D0D733 /* View */ = {
			isa = PBXGroup;
			children = (
				7F359E952BFEBD7200D0D733 /* HomeViewController.swift */,
				7F359E892BFE9CFC00D0D733 /* TabBarCorners.swift */,
				7F359E992BFF53A500D0D733 /* Cells */,
			);
			path = View;
			sourceTree = "<group>";
		};
		7F359E992BFF53A500D0D733 /* Cells */ = {
			isa = PBXGroup;
			children = (
				7F359E972BFF4DC500D0D733 /* CouponsCollectionViewCell.swift */,
				7F359E912BFEB9B600D0D733 /* BrandsCollectionViewCell.swift */,
				7F359E922BFEB9B600D0D733 /* BrandsCollectionViewCell.xib */,
				7F359E9A2BFF63D400D0D733 /* CouponsCollectionViewCell.xib */,
			);
			path = Cells;
			sourceTree = "<group>";
		};
		7F3E469C2BFFF3010096211E /* Utility */ = {
			isa = PBXGroup;
			children = (
				036C9EA72C0A852E00CEEE92 /* CustomAppBar */,
				7F3E469B2BFFF3010096211E /* Constants.swift */,
				D49953052C0BCADE004A1DAB /* Utilities.swift */,
				D4883C642C14644F00EE6C78 /* UserDefaults.swift */,
			);
			path = Utility;
			sourceTree = "<group>";
		};
		7F3E469F2BFFF3160096211E /* Model */ = {
			isa = PBXGroup;
			children = (
				03DE27112C08067B00E18567 /* DataModel */,
				7F3E469E2BFFF3160096211E /* SmartCollections.swift */,
				7F3E46A42BFFF9D70096211E /* NetworkCall.swift */,
			);
			path = Model;
			sourceTree = "<group>";
		};
		7F3E46A12BFFF3160096211E /* ViewModel */ = {
			isa = PBXGroup;
			children = (
				7F3E46A02BFFF3160096211E /* HomeViewModel.swift */,
			);
			path = ViewModel;
			sourceTree = "<group>";
		};
		7F3E46A62C01070F0096211E /* Products */ = {
			isa = PBXGroup;
			children = (
				7F3E46A72C01071C0096211E /* Model */,
				7F3E46A92C01072F0096211E /* View */,
				7F3E46A82C0107220096211E /* ViewModel */,
			);
			path = Products;
			sourceTree = "<group>";
		};
		7F3E46A72C01071C0096211E /* Model */ = {
			isa = PBXGroup;
			children = (
				7F3E46AA2C010AB80096211E /* Products.swift */,
				7F3E46B92C01E7260096211E /* ProductsCall.swift */,
			);
			path = Model;
			sourceTree = "<group>";
		};
		7F3E46A82C0107220096211E /* ViewModel */ = {
			isa = PBXGroup;
			children = (
				7F3E46B32C013D630096211E /* ProductsViewModel.swift */,
			);
			path = ViewModel;
			sourceTree = "<group>";
		};
		7F3E46A92C01072F0096211E /* View */ = {
			isa = PBXGroup;
			children = (
				7F3E46B72C0149340096211E /* ProductViewController.swift */,
				7F3E46AC2C01294C0096211E /* Cell */,
			);
			path = View;
			sourceTree = "<group>";
		};
		7F3E46AC2C01294C0096211E /* Cell */ = {
			isa = PBXGroup;
			children = (
				7F3E46AD2C0129910096211E /* ProductsTableViewCell.swift */,
				7F3E46AE2C0129910096211E /* ProductsTableViewCell.xib */,
			);
			path = Cell;
			sourceTree = "<group>";
		};
		C5A3624C3FE1D3767CFF1C42 /* Frameworks */ = {
			isa = PBXGroup;
			children = (
				3C949754F3348588708BF29C /* Pods_EleganceHub.framework */,
				F5380FBCB266D4065C010708 /* Pods_EleganceHub_EleganceHubUITests.framework */,
				0DC1630ABF143E093FFAB7C0 /* Pods_EleganceHubTests.framework */,
			);
			name = Frameworks;
			sourceTree = "<group>";
		};
		C88C20502BFE8CAF00886365 = {
			isa = PBXGroup;
			children = (
				C88C205B2BFE8CAF00886365 /* EleganceHub */,
				C88C20722BFE8CB600886365 /* EleganceHubTests */,
				C88C207C2BFE8CB600886365 /* EleganceHubUITests */,
				C88C205A2BFE8CAF00886365 /* Products */,
				243E6118410299118C4FF905 /* Pods */,
				C5A3624C3FE1D3767CFF1C42 /* Frameworks */,
			);
			sourceTree = "<group>";
		};
		C88C205A2BFE8CAF00886365 /* Products */ = {
			isa = PBXGroup;
			children = (
				C88C20592BFE8CAF00886365 /* EleganceHub.app */,
				C88C206F2BFE8CB500886365 /* EleganceHubTests.xctest */,
				C88C20792BFE8CB600886365 /* EleganceHubUITests.xctest */,
			);
			name = Products;
			sourceTree = "<group>";
		};
		C88C205B2BFE8CAF00886365 /* EleganceHub */ = {
			isa = PBXGroup;
			children = (
				7F1BEEE52C14DD7D00C5A114 /* Orders */,
				7F1BEED62C14D54000C5A114 /* Category */,
				D4883C502C1125F700EE6C78 /* ProductDetail */,
				03F4232D2C0FE8BC00002316 /* Settings */,
				D4F1684E2C0A5BF700551795 /* Search */,
				03E40B652C01E23B00345DE2 /* Profile */,
				03A7F54D2C01440A00F68AC7 /* Cart */,
				7F3E469C2BFFF3010096211E /* Utility */,
				D403E2772C00F45300AE9C68 /* Login */,
				D478FC692BFF9A9E00BBA2BB /* SignUp */,
				D478FC652BFF49B500BBA2BB /* Welcome */,
				7F359E8D2BFEA9DA00D0D733 /* Home */,
				7F3E46A62C01070F0096211E /* Products */,
				C88C205C2BFE8CAF00886365 /* AppDelegate.swift */,
				C88C205E2BFE8CAF00886365 /* SceneDelegate.swift */,
				C88C20652BFE8CB400886365 /* Assets.xcassets */,
				C88C20622BFE8CAF00886365 /* Main.storyboard */,
				C88C20672BFE8CB400886365 /* LaunchScreen.storyboard */,
				C88C206A2BFE8CB400886365 /* Info.plist */,
				D403E2712C00AA4C00AE9C68 /* GoogleService-Info.plist */,
			);
			path = EleganceHub;
			sourceTree = "<group>";
		};
		C88C20722BFE8CB600886365 /* EleganceHubTests */ = {
			isa = PBXGroup;
			children = (
				C88C20732BFE8CB600886365 /* EleganceHubTests.swift */,
			);
			path = EleganceHubTests;
			sourceTree = "<group>";
		};
		C88C207C2BFE8CB600886365 /* EleganceHubUITests */ = {
			isa = PBXGroup;
			children = (
				C88C207D2BFE8CB600886365 /* EleganceHubUITests.swift */,
				C88C207F2BFE8CB600886365 /* EleganceHubUITestsLaunchTests.swift */,
			);
			path = EleganceHubUITests;
			sourceTree = "<group>";
		};
		D403E2772C00F45300AE9C68 /* Login */ = {
			isa = PBXGroup;
			children = (
				D4B17FBD2C07A64900A8F9D3 /* ViewModel */,
				D403E2782C00F45C00AE9C68 /* View */,
			);
			path = Login;
			sourceTree = "<group>";
		};
		D403E2782C00F45C00AE9C68 /* View */ = {
			isa = PBXGroup;
			children = (
				D403E2792C00F47700AE9C68 /* LoginViewController.swift */,
			);
			path = View;
			sourceTree = "<group>";
		};
		D478FC652BFF49B500BBA2BB /* Welcome */ = {
			isa = PBXGroup;
			children = (
				D478FC662BFF49BC00BBA2BB /* View */,
			);
			path = Welcome;
			sourceTree = "<group>";
		};
		D478FC662BFF49BC00BBA2BB /* View */ = {
			isa = PBXGroup;
			children = (
				D478FC672BFF49D700BBA2BB /* WelcomeViewController.swift */,
			);
			path = View;
			sourceTree = "<group>";
		};
		D478FC692BFF9A9E00BBA2BB /* SignUp */ = {
			isa = PBXGroup;
			children = (
				D4B17FC32C07EFE600A8F9D3 /* ViewModel */,
				D4B17FC02C07EEC700A8F9D3 /* Model */,
				D478FC6A2BFF9AAC00BBA2BB /* View */,
			);
			path = SignUp;
			sourceTree = "<group>";
		};
		D478FC6A2BFF9AAC00BBA2BB /* View */ = {
			isa = PBXGroup;
			children = (
				D478FC6B2BFF9AC000BBA2BB /* SignUpViewController.swift */,
			);
			path = View;
			sourceTree = "<group>";
		};
		D4883C502C1125F700EE6C78 /* ProductDetail */ = {
			isa = PBXGroup;
			children = (
				D4883C592C112FFC00EE6C78 /* Medel */,
				D4883C582C112FE900EE6C78 /* ViewModel */,
				D4883C512C11260400EE6C78 /* View */,
			);
			path = ProductDetail;
			sourceTree = "<group>";
		};
		D4883C512C11260400EE6C78 /* View */ = {
			isa = PBXGroup;
			children = (
				D4883C522C11261D00EE6C78 /* SizeOptionCell.swift */,
				D4883C542C11264A00EE6C78 /* ProductDetailViewController.swift */,
				D4883C562C112A2100EE6C78 /* ColorSelectorView.swift */,
				D4883C5E2C12818000EE6C78 /* ProductImageCell.swift */,
			);
			path = View;
			sourceTree = "<group>";
		};
		D4883C582C112FE900EE6C78 /* ViewModel */ = {
			isa = PBXGroup;
			children = (
				D4883C5A2C11301700EE6C78 /* ProductDetailViewModel.swift */,
			);
			path = ViewModel;
			sourceTree = "<group>";
		};
		D4883C592C112FFC00EE6C78 /* Medel */ = {
			isa = PBXGroup;
			children = (
				D4883C5C2C11304200EE6C78 /* ProductDetailNetworkService.swift */,
			);
			path = Medel;
			sourceTree = "<group>";
		};
		D4B17FBD2C07A64900A8F9D3 /* ViewModel */ = {
			isa = PBXGroup;
			children = (
				D4B17FBE2C07A65B00A8F9D3 /* LoginViewModel.swift */,
				D4883C662C1482F900EE6C78 /* LoginNetworkService.swift */,
			);
			path = ViewModel;
			sourceTree = "<group>";
		};
		D4B17FC02C07EEC700A8F9D3 /* Model */ = {
			isa = PBXGroup;
			children = (
				D403E2732C00B3BA00AE9C68 /* AuthService.swift */,
				D403E2752C00BD2400AE9C68 /* UserModel.swift */,
				D4B17FC12C07EF0D00A8F9D3 /* SignUpNetworkService.swift */,
			);
			path = Model;
			sourceTree = "<group>";
		};
		D4B17FC32C07EFE600A8F9D3 /* ViewModel */ = {
			isa = PBXGroup;
			children = (
				D4B17FC62C07F01300A8F9D3 /* SignUpViewModel.swift */,
			);
			path = ViewModel;
			sourceTree = "<group>";
		};
		D4F1684E2C0A5BF700551795 /* Search */ = {
			isa = PBXGroup;
			children = (
				D4F168512C0A5C1A00551795 /* Model */,
				D4F168502C0A5C0D00551795 /* ViewModel */,
				D4F1684F2C0A5C0000551795 /* View */,
			);
			path = Search;
			sourceTree = "<group>";
		};
		D4F1684F2C0A5C0000551795 /* View */ = {
			isa = PBXGroup;
			children = (
				D4F168602C0A747000551795 /* SearchViewController.swift */,
				D4F168612C0A747000551795 /* SearchViewController.xib */,
				D49953012C0B3EDF004A1DAB /* SearchProductCell.swift */,
				D49953022C0B3EDF004A1DAB /* SearchProductCell.xib */,
			);
			path = View;
			sourceTree = "<group>";
		};
		D4F168502C0A5C0D00551795 /* ViewModel */ = {
			isa = PBXGroup;
			children = (
				D4F1685E2C0A72CD00551795 /* SearchViewModel.swift */,
			);
			path = ViewModel;
			sourceTree = "<group>";
		};
		D4F168512C0A5C1A00551795 /* Model */ = {
			isa = PBXGroup;
			children = (
				D4F168542C0A5F7700551795 /* ProductModel.swift */,
				D4F168582C0A603F00551795 /* Variants.swift */,
				D4F1685A2C0A60BF00551795 /* Options.swift */,
			);
			path = Model;
			sourceTree = "<group>";
		};
/* End PBXGroup section */

/* Begin PBXNativeTarget section */
		C88C20582BFE8CAF00886365 /* EleganceHub */ = {
			isa = PBXNativeTarget;
			buildConfigurationList = C88C20832BFE8CB600886365 /* Build configuration list for PBXNativeTarget "EleganceHub" */;
			buildPhases = (
				D6387059794D1B35B6E9D293 /* [CP] Check Pods Manifest.lock */,
				C88C20552BFE8CAF00886365 /* Sources */,
				C88C20562BFE8CAF00886365 /* Frameworks */,
				C88C20572BFE8CAF00886365 /* Resources */,
				CDBCBBB35D758B16A432EBD0 /* [CP] Embed Pods Frameworks */,
			);
			buildRules = (
			);
			dependencies = (
			);
			name = EleganceHub;
			productName = EleganceHub;
			productReference = C88C20592BFE8CAF00886365 /* EleganceHub.app */;
			productType = "com.apple.product-type.application";
		};
		C88C206E2BFE8CB500886365 /* EleganceHubTests */ = {
			isa = PBXNativeTarget;
			buildConfigurationList = C88C20862BFE8CB600886365 /* Build configuration list for PBXNativeTarget "EleganceHubTests" */;
			buildPhases = (
				50F5D75F8DF2EF083F5ABFF9 /* [CP] Check Pods Manifest.lock */,
				C88C206B2BFE8CB500886365 /* Sources */,
				C88C206C2BFE8CB500886365 /* Frameworks */,
				C88C206D2BFE8CB500886365 /* Resources */,
			);
			buildRules = (
			);
			dependencies = (
				C88C20712BFE8CB500886365 /* PBXTargetDependency */,
			);
			name = EleganceHubTests;
			productName = EleganceHubTests;
			productReference = C88C206F2BFE8CB500886365 /* EleganceHubTests.xctest */;
			productType = "com.apple.product-type.bundle.unit-test";
		};
		C88C20782BFE8CB600886365 /* EleganceHubUITests */ = {
			isa = PBXNativeTarget;
			buildConfigurationList = C88C20892BFE8CB600886365 /* Build configuration list for PBXNativeTarget "EleganceHubUITests" */;
			buildPhases = (
				88A633337D8169E5A34EDE93 /* [CP] Check Pods Manifest.lock */,
				C88C20752BFE8CB600886365 /* Sources */,
				C88C20762BFE8CB600886365 /* Frameworks */,
				C88C20772BFE8CB600886365 /* Resources */,
				77575E82D5A8B336CA5F4864 /* [CP] Embed Pods Frameworks */,
			);
			buildRules = (
			);
			dependencies = (
				C88C207B2BFE8CB600886365 /* PBXTargetDependency */,
			);
			name = EleganceHubUITests;
			productName = EleganceHubUITests;
			productReference = C88C20792BFE8CB600886365 /* EleganceHubUITests.xctest */;
			productType = "com.apple.product-type.bundle.ui-testing";
		};
/* End PBXNativeTarget section */

/* Begin PBXProject section */
		C88C20512BFE8CAF00886365 /* Project object */ = {
			isa = PBXProject;
			attributes = {
				BuildIndependentTargetsInParallel = 1;
				LastSwiftUpdateCheck = 1420;
				LastUpgradeCheck = 1420;
				TargetAttributes = {
					C88C20582BFE8CAF00886365 = {
						CreatedOnToolsVersion = 14.2;
					};
					C88C206E2BFE8CB500886365 = {
						CreatedOnToolsVersion = 14.2;
						TestTargetID = C88C20582BFE8CAF00886365;
					};
					C88C20782BFE8CB600886365 = {
						CreatedOnToolsVersion = 14.2;
						TestTargetID = C88C20582BFE8CAF00886365;
					};
				};
			};
			buildConfigurationList = C88C20542BFE8CAF00886365 /* Build configuration list for PBXProject "EleganceHub" */;
			compatibilityVersion = "Xcode 14.0";
			developmentRegion = en;
			hasScannedForEncodings = 0;
			knownRegions = (
				en,
				Base,
			);
			mainGroup = C88C20502BFE8CAF00886365;
			productRefGroup = C88C205A2BFE8CAF00886365 /* Products */;
			projectDirPath = "";
			projectRoot = "";
			targets = (
				C88C20582BFE8CAF00886365 /* EleganceHub */,
				C88C206E2BFE8CB500886365 /* EleganceHubTests */,
				C88C20782BFE8CB600886365 /* EleganceHubUITests */,
			);
		};
/* End PBXProject section */

/* Begin PBXResourcesBuildPhase section */
		C88C20572BFE8CAF00886365 /* Resources */ = {
			isa = PBXResourcesBuildPhase;
			buildActionMask = 2147483647;
			files = (
				0367172B2C0C1FD000BFB9DC /* AddressesTableViewCell.xib in Resources */,
				7F359E942BFEB9B700D0D733 /* BrandsCollectionViewCell.xib in Resources */,
				034346A52C0C4A65006EAC8A /* CountryItemView.xib in Resources */,
				7F3E46B02C0129910096211E /* ProductsTableViewCell.xib in Resources */,
				0383BC502C0BEBE900855384 /* ShippingAddressViewController.xib in Resources */,
				036C9EA62C0A826D00CEEE92 /* customAppBarUIView.xib in Resources */,
				7F359E9B2BFF63D400D0D733 /* CouponsCollectionViewCell.xib in Resources */,
				C88C20692BFE8CB400886365 /* LaunchScreen.storyboard in Resources */,
				03A7F5562C0164E500F68AC7 /* CartTableViewCell.xib in Resources */,
				D403E2722C00AA4C00AE9C68 /* GoogleService-Info.plist in Resources */,
				035A1C432C0E67C50054F186 /* CustomAlertViewController.xib in Resources */,
				D49953042C0B3EDF004A1DAB /* SearchProductCell.xib in Resources */,
				C88C20662BFE8CB400886365 /* Assets.xcassets in Resources */,
				C88C20642BFE8CAF00886365 /* Main.storyboard in Resources */,
				D4F168622C0A747000551795 /* SearchViewController.xib in Resources */,
				03B68E062C019DAE0054DA74 /* PaymentMethodTableViewCell.xib in Resources */,
				7F1BEEF52C15138E00C5A114 /* OrdersCell.xib in Resources */,
				7F1BEEE02C14D72C00C5A114 /* CategoryCollectionViewCell.xib in Resources */,
				03C396782C0FFC6B00FFADF7 /* ProfileTableViewCell.xib in Resources */,
				036717252C0C171C00BFB9DC /* LocationViewController.xib in Resources */,
				03C3967A2C0FFC6B00FFADF7 /* ProfileImageUIView.xib in Resources */,
			);
			runOnlyForDeploymentPostprocessing = 0;
		};
		C88C206D2BFE8CB500886365 /* Resources */ = {
			isa = PBXResourcesBuildPhase;
			buildActionMask = 2147483647;
			files = (
			);
			runOnlyForDeploymentPostprocessing = 0;
		};
		C88C20772BFE8CB600886365 /* Resources */ = {
			isa = PBXResourcesBuildPhase;
			buildActionMask = 2147483647;
			files = (
			);
			runOnlyForDeploymentPostprocessing = 0;
		};
/* End PBXResourcesBuildPhase section */

/* Begin PBXShellScriptBuildPhase section */
		50F5D75F8DF2EF083F5ABFF9 /* [CP] Check Pods Manifest.lock */ = {
			isa = PBXShellScriptBuildPhase;
			buildActionMask = 2147483647;
			files = (
			);
			inputFileListPaths = (
			);
			inputPaths = (
				"${PODS_PODFILE_DIR_PATH}/Podfile.lock",
				"${PODS_ROOT}/Manifest.lock",
			);
			name = "[CP] Check Pods Manifest.lock";
			outputFileListPaths = (
			);
			outputPaths = (
				"$(DERIVED_FILE_DIR)/Pods-EleganceHubTests-checkManifestLockResult.txt",
			);
			runOnlyForDeploymentPostprocessing = 0;
			shellPath = /bin/sh;
			shellScript = "diff \"${PODS_PODFILE_DIR_PATH}/Podfile.lock\" \"${PODS_ROOT}/Manifest.lock\" > /dev/null\nif [ $? != 0 ] ; then\n    # print error to STDERR\n    echo \"error: The sandbox is not in sync with the Podfile.lock. Run 'pod install' or update your CocoaPods installation.\" >&2\n    exit 1\nfi\n# This output is used by Xcode 'outputs' to avoid re-running this script phase.\necho \"SUCCESS\" > \"${SCRIPT_OUTPUT_FILE_0}\"\n";
			showEnvVarsInLog = 0;
		};
		77575E82D5A8B336CA5F4864 /* [CP] Embed Pods Frameworks */ = {
			isa = PBXShellScriptBuildPhase;
			buildActionMask = 2147483647;
			files = (
			);
			inputFileListPaths = (
				"${PODS_ROOT}/Target Support Files/Pods-EleganceHub-EleganceHubUITests/Pods-EleganceHub-EleganceHubUITests-frameworks-${CONFIGURATION}-input-files.xcfilelist",
			);
			name = "[CP] Embed Pods Frameworks";
			outputFileListPaths = (
				"${PODS_ROOT}/Target Support Files/Pods-EleganceHub-EleganceHubUITests/Pods-EleganceHub-EleganceHubUITests-frameworks-${CONFIGURATION}-output-files.xcfilelist",
			);
			runOnlyForDeploymentPostprocessing = 0;
			shellPath = /bin/sh;
			shellScript = "\"${PODS_ROOT}/Target Support Files/Pods-EleganceHub-EleganceHubUITests/Pods-EleganceHub-EleganceHubUITests-frameworks.sh\"\n";
			showEnvVarsInLog = 0;
		};
		88A633337D8169E5A34EDE93 /* [CP] Check Pods Manifest.lock */ = {
			isa = PBXShellScriptBuildPhase;
			buildActionMask = 2147483647;
			files = (
			);
			inputFileListPaths = (
			);
			inputPaths = (
				"${PODS_PODFILE_DIR_PATH}/Podfile.lock",
				"${PODS_ROOT}/Manifest.lock",
			);
			name = "[CP] Check Pods Manifest.lock";
			outputFileListPaths = (
			);
			outputPaths = (
				"$(DERIVED_FILE_DIR)/Pods-EleganceHub-EleganceHubUITests-checkManifestLockResult.txt",
			);
			runOnlyForDeploymentPostprocessing = 0;
			shellPath = /bin/sh;
			shellScript = "diff \"${PODS_PODFILE_DIR_PATH}/Podfile.lock\" \"${PODS_ROOT}/Manifest.lock\" > /dev/null\nif [ $? != 0 ] ; then\n    # print error to STDERR\n    echo \"error: The sandbox is not in sync with the Podfile.lock. Run 'pod install' or update your CocoaPods installation.\" >&2\n    exit 1\nfi\n# This output is used by Xcode 'outputs' to avoid re-running this script phase.\necho \"SUCCESS\" > \"${SCRIPT_OUTPUT_FILE_0}\"\n";
			showEnvVarsInLog = 0;
		};
		CDBCBBB35D758B16A432EBD0 /* [CP] Embed Pods Frameworks */ = {
			isa = PBXShellScriptBuildPhase;
			buildActionMask = 2147483647;
			files = (
			);
			inputFileListPaths = (
				"${PODS_ROOT}/Target Support Files/Pods-EleganceHub/Pods-EleganceHub-frameworks-${CONFIGURATION}-input-files.xcfilelist",
			);
			name = "[CP] Embed Pods Frameworks";
			outputFileListPaths = (
				"${PODS_ROOT}/Target Support Files/Pods-EleganceHub/Pods-EleganceHub-frameworks-${CONFIGURATION}-output-files.xcfilelist",
			);
			runOnlyForDeploymentPostprocessing = 0;
			shellPath = /bin/sh;
			shellScript = "\"${PODS_ROOT}/Target Support Files/Pods-EleganceHub/Pods-EleganceHub-frameworks.sh\"\n";
			showEnvVarsInLog = 0;
		};
		D6387059794D1B35B6E9D293 /* [CP] Check Pods Manifest.lock */ = {
			isa = PBXShellScriptBuildPhase;
			buildActionMask = 2147483647;
			files = (
			);
			inputFileListPaths = (
			);
			inputPaths = (
				"${PODS_PODFILE_DIR_PATH}/Podfile.lock",
				"${PODS_ROOT}/Manifest.lock",
			);
			name = "[CP] Check Pods Manifest.lock";
			outputFileListPaths = (
			);
			outputPaths = (
				"$(DERIVED_FILE_DIR)/Pods-EleganceHub-checkManifestLockResult.txt",
			);
			runOnlyForDeploymentPostprocessing = 0;
			shellPath = /bin/sh;
			shellScript = "diff \"${PODS_PODFILE_DIR_PATH}/Podfile.lock\" \"${PODS_ROOT}/Manifest.lock\" > /dev/null\nif [ $? != 0 ] ; then\n    # print error to STDERR\n    echo \"error: The sandbox is not in sync with the Podfile.lock. Run 'pod install' or update your CocoaPods installation.\" >&2\n    exit 1\nfi\n# This output is used by Xcode 'outputs' to avoid re-running this script phase.\necho \"SUCCESS\" > \"${SCRIPT_OUTPUT_FILE_0}\"\n";
			showEnvVarsInLog = 0;
		};
/* End PBXShellScriptBuildPhase section */

/* Begin PBXSourcesBuildPhase section */
		C88C20552BFE8CAF00886365 /* Sources */ = {
			isa = PBXSourcesBuildPhase;
			buildActionMask = 2147483647;
			files = (
				03B68E082C01A1950054DA74 /* PaymentViewController.swift in Sources */,
				7F1BEEDF2C14D72C00C5A114 /* CategoryCollectionViewCell.swift in Sources */,
				036C9EA92C0A855300CEEE92 /* CustomAppBarUIView.swift in Sources */,
				D49953032C0B3EDF004A1DAB /* SearchProductCell.swift in Sources */,
				7F3E46A32BFFF3160096211E /* HomeViewModel.swift in Sources */,
				7F3E46B42C013D640096211E /* ProductsViewModel.swift in Sources */,
				C88C205D2BFE8CAF00886365 /* AppDelegate.swift in Sources */,
				D478FC6C2BFF9AC000BBA2BB /* SignUpViewController.swift in Sources */,
				D403E2742C00B3BA00AE9C68 /* AuthService.swift in Sources */,
				035A1C422C0E67C50054F186 /* CustomAlertViewController.swift in Sources */,
				D4B17FC22C07EF0D00A8F9D3 /* SignUpNetworkService.swift in Sources */,
				7F359E932BFEB9B700D0D733 /* BrandsCollectionViewCell.swift in Sources */,
				03C3967B2C0FFC6B00FFADF7 /* ProfileTableViewCell.swift in Sources */,
				7F359E8A2BFE9CFC00D0D733 /* TabBarCorners.swift in Sources */,
				7F1BEEF02C1507EC00C5A114 /* OrdersService.swift in Sources */,
				03DE27142C080C0300E18567 /* NetworkProtocol.swift in Sources */,
				03DE270F2C08037800E18567 /* DiscountModel.swift in Sources */,
				D4883C5B2C11301700EE6C78 /* ProductDetailViewModel.swift in Sources */,
				031F8E002C0C591700BA92CF /* NetworkService.swift in Sources */,
				031F8E022C0C592600BA92CF /* NetworkServiceProtocol.swift in Sources */,
				7F3E46B82C0149340096211E /* ProductViewController.swift in Sources */,
				C88C205F2BFE8CAF00886365 /* SceneDelegate.swift in Sources */,
				7F359E962BFEBD7200D0D733 /* HomeViewController.swift in Sources */,
				03B68E052C019DAE0054DA74 /* PaymentMethodTableViewCell.swift in Sources */,
				D4883C572C112A2100EE6C78 /* ColorSelectorView.swift in Sources */,
				D4883C5D2C11304200EE6C78 /* ProductDetailNetworkService.swift in Sources */,
				D4F168592C0A603F00551795 /* Variants.swift in Sources */,
				7F359E982BFF4DC500D0D733 /* CouponsCollectionViewCell.swift in Sources */,
				D4883C532C11261D00EE6C78 /* SizeOptionCell.swift in Sources */,
				7F1BEEF42C15138E00C5A114 /* OrdersCell.swift in Sources */,
				03A7F5552C0164E500F68AC7 /* CartTableViewCell.swift in Sources */,
				03C396892C10022900FFADF7 /* AddressesViewModelProtocol.swift in Sources */,
				7FF3BF6C2C163D0A00E7EABC /* OrderDetailsViewController.swift in Sources */,
				03C3967C2C0FFC6B00FFADF7 /* SettingsViewController.swift in Sources */,
				03A7F5522C01484000F68AC7 /* CartViewController.swift in Sources */,
				7F1BEEE42C14D76900C5A114 /* CategoryCall.swift in Sources */,
				033CEBA82C107100003B9DA9 /* SettingsNetworkService.swift in Sources */,
				03B68E0A2C01A3160054DA74 /* PaymentMethodModel.swift in Sources */,
				7F1BEEEE2C14F6D800C5A114 /* OrdersViewController.swift in Sources */,
				7F1BEEEC2C14E01900C5A114 /* OrdersResponse.swift in Sources */,
				D478FC682BFF49D700BBA2BB /* WelcomeViewController.swift in Sources */,
				0383BC4B2C0BD0AA00855384 /* ProfileViewController.swift in Sources */,
				7F1BEEDB2C14D71500C5A114 /* SuperCategoryViewController.swift in Sources */,
				036717242C0C171C00BFB9DC /* LocationViewController.swift in Sources */,
				03D6C5B72C0C4F9F00254753 /* CountryItemView.swift in Sources */,
				7F3E46AB2C010AB80096211E /* Products.swift in Sources */,
				7F359E982BFF4DC500D0D733 /* CouponsCollectionViewCell.swift in Sources */,
				D4883C5F2C12818000EE6C78 /* ProductImageCell.swift in Sources */,
				D4883C552C11264A00EE6C78 /* ProductDetailViewController.swift in Sources */,
				03BAA1312C14304400A325AB /* DatabaseServiceProtocol.swift in Sources */,
				03C3968B2C10023800FFADF7 /* AddressDataModel.swift in Sources */,
				033CEBA52C105F01003B9DA9 /* CustomerDataModel.swift in Sources */,
				7F3E46AF2C0129910096211E /* ProductsTableViewCell.swift in Sources */,
				7F1BEEEA2C14E00600C5A114 /* OrdersViewModel.swift in Sources */,
				7F1BEEE22C14D74E00C5A114 /* CategoryViewModel.swift in Sources */,
				D4F1685F2C0A72CD00551795 /* SearchViewModel.swift in Sources */,
				7F3E46A22BFFF3160096211E /* SmartCollections.swift in Sources */,
				03C396802C0FFD7A00FFADF7 /* SettingCellModelData.swift in Sources */,
				D478FC682BFF49D700BBA2BB /* WelcomeViewController.swift in Sources */,
				D4F168632C0A747000551795 /* SearchViewController.swift in Sources */,
				D4883C672C1482F900EE6C78 /* LoginNetworkService.swift in Sources */,
				7F3E46BA2C01E7260096211E /* ProductsCall.swift in Sources */,
				7F3E46A52BFFF9D70096211E /* NetworkCall.swift in Sources */,
				03C3967E2C0FFD3A00FFADF7 /* PostCustomerAddress.swift in Sources */,
				033CEBA32C105DEF003B9DA9 /* SettingsViewModel.swift in Sources */,
				03C396882C10022900FFADF7 /* AddressesViewModel.swift in Sources */,
				03C3968D2C10115600FFADF7 /* UpdateLocationDelegate.swift in Sources */,
				7F3E469D2BFFF3010096211E /* Constants.swift in Sources */,
				D49953062C0BCADE004A1DAB /* Utilities.swift in Sources */,
				D4B17FBF2C07A65B00A8F9D3 /* LoginViewModel.swift in Sources */,
				D4F1685B2C0A60BF00551795 /* Options.swift in Sources */,
				D4F168552C0A5F7700551795 /* ProductModel.swift in Sources */,
				D403E2762C00BD2400AE9C68 /* UserModel.swift in Sources */,
				03C396792C0FFC6B00FFADF7 /* ProfileImageUIView.swift in Sources */,
				03C3966B2C0FFB8D00FFADF7 /* ShippingAddressViewController.swift in Sources */,
				0367172A2C0C1FD000BFB9DC /* AddressesTableViewCell.swift in Sources */,
				D478FC682BFF49D700BBA2BB /* WelcomeViewController.swift in Sources */,
				03DE27162C08207100E18567 /* ViewModelProtocol.swift in Sources */,
				D4883C652C14644F00EE6C78 /* UserDefaults.swift in Sources */,
				D4B17FC72C07F01300A8F9D3 /* SignUpViewModel.swift in Sources */,
				03BAA12F2C14302E00A325AB /* DatabaseService.swift in Sources */,
				D403E27A2C00F47700AE9C68 /* LoginViewController.swift in Sources */,
			);
			runOnlyForDeploymentPostprocessing = 0;
		};
		C88C206B2BFE8CB500886365 /* Sources */ = {
			isa = PBXSourcesBuildPhase;
			buildActionMask = 2147483647;
			files = (
				C88C20742BFE8CB600886365 /* EleganceHubTests.swift in Sources */,
			);
			runOnlyForDeploymentPostprocessing = 0;
		};
		C88C20752BFE8CB600886365 /* Sources */ = {
			isa = PBXSourcesBuildPhase;
			buildActionMask = 2147483647;
			files = (
				C88C20802BFE8CB600886365 /* EleganceHubUITestsLaunchTests.swift in Sources */,
				C88C207E2BFE8CB600886365 /* EleganceHubUITests.swift in Sources */,
			);
			runOnlyForDeploymentPostprocessing = 0;
		};
/* End PBXSourcesBuildPhase section */

/* Begin PBXTargetDependency section */
		C88C20712BFE8CB500886365 /* PBXTargetDependency */ = {
			isa = PBXTargetDependency;
			target = C88C20582BFE8CAF00886365 /* EleganceHub */;
			targetProxy = C88C20702BFE8CB500886365 /* PBXContainerItemProxy */;
		};
		C88C207B2BFE8CB600886365 /* PBXTargetDependency */ = {
			isa = PBXTargetDependency;
			target = C88C20582BFE8CAF00886365 /* EleganceHub */;
			targetProxy = C88C207A2BFE8CB600886365 /* PBXContainerItemProxy */;
		};
/* End PBXTargetDependency section */

/* Begin PBXVariantGroup section */
		C88C20622BFE8CAF00886365 /* Main.storyboard */ = {
			isa = PBXVariantGroup;
			children = (
				C88C20632BFE8CAF00886365 /* Base */,
			);
			name = Main.storyboard;
			sourceTree = "<group>";
		};
		C88C20672BFE8CB400886365 /* LaunchScreen.storyboard */ = {
			isa = PBXVariantGroup;
			children = (
				C88C20682BFE8CB400886365 /* Base */,
			);
			name = LaunchScreen.storyboard;
			sourceTree = "<group>";
		};
/* End PBXVariantGroup section */

/* Begin XCBuildConfiguration section */
		C88C20812BFE8CB600886365 /* Debug */ = {
			isa = XCBuildConfiguration;
			buildSettings = {
				ALWAYS_SEARCH_USER_PATHS = NO;
				CLANG_ANALYZER_NONNULL = YES;
				CLANG_ANALYZER_NUMBER_OBJECT_CONVERSION = YES_AGGRESSIVE;
				CLANG_CXX_LANGUAGE_STANDARD = "gnu++20";
				CLANG_ENABLE_MODULES = YES;
				CLANG_ENABLE_OBJC_ARC = YES;
				CLANG_ENABLE_OBJC_WEAK = YES;
				CLANG_WARN_BLOCK_CAPTURE_AUTORELEASING = YES;
				CLANG_WARN_BOOL_CONVERSION = YES;
				CLANG_WARN_COMMA = YES;
				CLANG_WARN_CONSTANT_CONVERSION = YES;
				CLANG_WARN_DEPRECATED_OBJC_IMPLEMENTATIONS = YES;
				CLANG_WARN_DIRECT_OBJC_ISA_USAGE = YES_ERROR;
				CLANG_WARN_DOCUMENTATION_COMMENTS = YES;
				CLANG_WARN_EMPTY_BODY = YES;
				CLANG_WARN_ENUM_CONVERSION = YES;
				CLANG_WARN_INFINITE_RECURSION = YES;
				CLANG_WARN_INT_CONVERSION = YES;
				CLANG_WARN_NON_LITERAL_NULL_CONVERSION = YES;
				CLANG_WARN_OBJC_IMPLICIT_RETAIN_SELF = YES;
				CLANG_WARN_OBJC_LITERAL_CONVERSION = YES;
				CLANG_WARN_OBJC_ROOT_CLASS = YES_ERROR;
				CLANG_WARN_QUOTED_INCLUDE_IN_FRAMEWORK_HEADER = YES;
				CLANG_WARN_RANGE_LOOP_ANALYSIS = YES;
				CLANG_WARN_STRICT_PROTOTYPES = YES;
				CLANG_WARN_SUSPICIOUS_MOVE = YES;
				CLANG_WARN_UNGUARDED_AVAILABILITY = YES_AGGRESSIVE;
				CLANG_WARN_UNREACHABLE_CODE = YES;
				CLANG_WARN__DUPLICATE_METHOD_MATCH = YES;
				COPY_PHASE_STRIP = NO;
				DEBUG_INFORMATION_FORMAT = dwarf;
				ENABLE_STRICT_OBJC_MSGSEND = YES;
				ENABLE_TESTABILITY = YES;
				GCC_C_LANGUAGE_STANDARD = gnu11;
				GCC_DYNAMIC_NO_PIC = NO;
				GCC_NO_COMMON_BLOCKS = YES;
				GCC_OPTIMIZATION_LEVEL = 0;
				GCC_PREPROCESSOR_DEFINITIONS = (
					"DEBUG=1",
					"$(inherited)",
				);
				GCC_WARN_64_TO_32_BIT_CONVERSION = YES;
				GCC_WARN_ABOUT_RETURN_TYPE = YES_ERROR;
				GCC_WARN_UNDECLARED_SELECTOR = YES;
				GCC_WARN_UNINITIALIZED_AUTOS = YES_AGGRESSIVE;
				GCC_WARN_UNUSED_FUNCTION = YES;
				GCC_WARN_UNUSED_VARIABLE = YES;
				IPHONEOS_DEPLOYMENT_TARGET = 16.2;
				MTL_ENABLE_DEBUG_INFO = INCLUDE_SOURCE;
				MTL_FAST_MATH = YES;
				ONLY_ACTIVE_ARCH = YES;
				SDKROOT = iphoneos;
				SWIFT_ACTIVE_COMPILATION_CONDITIONS = DEBUG;
				SWIFT_OPTIMIZATION_LEVEL = "-Onone";
			};
			name = Debug;
		};
		C88C20822BFE8CB600886365 /* Release */ = {
			isa = XCBuildConfiguration;
			buildSettings = {
				ALWAYS_SEARCH_USER_PATHS = NO;
				CLANG_ANALYZER_NONNULL = YES;
				CLANG_ANALYZER_NUMBER_OBJECT_CONVERSION = YES_AGGRESSIVE;
				CLANG_CXX_LANGUAGE_STANDARD = "gnu++20";
				CLANG_ENABLE_MODULES = YES;
				CLANG_ENABLE_OBJC_ARC = YES;
				CLANG_ENABLE_OBJC_WEAK = YES;
				CLANG_WARN_BLOCK_CAPTURE_AUTORELEASING = YES;
				CLANG_WARN_BOOL_CONVERSION = YES;
				CLANG_WARN_COMMA = YES;
				CLANG_WARN_CONSTANT_CONVERSION = YES;
				CLANG_WARN_DEPRECATED_OBJC_IMPLEMENTATIONS = YES;
				CLANG_WARN_DIRECT_OBJC_ISA_USAGE = YES_ERROR;
				CLANG_WARN_DOCUMENTATION_COMMENTS = YES;
				CLANG_WARN_EMPTY_BODY = YES;
				CLANG_WARN_ENUM_CONVERSION = YES;
				CLANG_WARN_INFINITE_RECURSION = YES;
				CLANG_WARN_INT_CONVERSION = YES;
				CLANG_WARN_NON_LITERAL_NULL_CONVERSION = YES;
				CLANG_WARN_OBJC_IMPLICIT_RETAIN_SELF = YES;
				CLANG_WARN_OBJC_LITERAL_CONVERSION = YES;
				CLANG_WARN_OBJC_ROOT_CLASS = YES_ERROR;
				CLANG_WARN_QUOTED_INCLUDE_IN_FRAMEWORK_HEADER = YES;
				CLANG_WARN_RANGE_LOOP_ANALYSIS = YES;
				CLANG_WARN_STRICT_PROTOTYPES = YES;
				CLANG_WARN_SUSPICIOUS_MOVE = YES;
				CLANG_WARN_UNGUARDED_AVAILABILITY = YES_AGGRESSIVE;
				CLANG_WARN_UNREACHABLE_CODE = YES;
				CLANG_WARN__DUPLICATE_METHOD_MATCH = YES;
				COPY_PHASE_STRIP = NO;
				DEBUG_INFORMATION_FORMAT = "dwarf-with-dsym";
				ENABLE_NS_ASSERTIONS = NO;
				ENABLE_STRICT_OBJC_MSGSEND = YES;
				GCC_C_LANGUAGE_STANDARD = gnu11;
				GCC_NO_COMMON_BLOCKS = YES;
				GCC_WARN_64_TO_32_BIT_CONVERSION = YES;
				GCC_WARN_ABOUT_RETURN_TYPE = YES_ERROR;
				GCC_WARN_UNDECLARED_SELECTOR = YES;
				GCC_WARN_UNINITIALIZED_AUTOS = YES_AGGRESSIVE;
				GCC_WARN_UNUSED_FUNCTION = YES;
				GCC_WARN_UNUSED_VARIABLE = YES;
				IPHONEOS_DEPLOYMENT_TARGET = 16.2;
				MTL_ENABLE_DEBUG_INFO = NO;
				MTL_FAST_MATH = YES;
				SDKROOT = iphoneos;
				SWIFT_COMPILATION_MODE = wholemodule;
				SWIFT_OPTIMIZATION_LEVEL = "-O";
				VALIDATE_PRODUCT = YES;
			};
			name = Release;
		};
		C88C20842BFE8CB600886365 /* Debug */ = {
			isa = XCBuildConfiguration;
			baseConfigurationReference = 8964028234E4E728CF2EA612 /* Pods-EleganceHub.debug.xcconfig */;
			buildSettings = {
				ASSETCATALOG_COMPILER_APPICON_NAME = AppIcon;
				ASSETCATALOG_COMPILER_GLOBAL_ACCENT_COLOR_NAME = AccentColor;
				CODE_SIGN_STYLE = Automatic;
				CURRENT_PROJECT_VERSION = 1;
				DEVELOPMENT_TEAM = MWZJ3A6CNJ;
				GENERATE_INFOPLIST_FILE = YES;
				INFOPLIST_FILE = EleganceHub/Info.plist;
				INFOPLIST_KEY_UIApplicationSupportsIndirectInputEvents = YES;
				INFOPLIST_KEY_UILaunchStoryboardName = LaunchScreen;
				INFOPLIST_KEY_UIMainStoryboardFile = Main;
				INFOPLIST_KEY_UISupportedInterfaceOrientations_iPad = "UIInterfaceOrientationPortrait UIInterfaceOrientationPortraitUpsideDown UIInterfaceOrientationLandscapeLeft UIInterfaceOrientationLandscapeRight";
				INFOPLIST_KEY_UISupportedInterfaceOrientations_iPhone = "UIInterfaceOrientationPortrait UIInterfaceOrientationLandscapeLeft UIInterfaceOrientationLandscapeRight";
				LD_RUNPATH_SEARCH_PATHS = (
					"$(inherited)",
					"@executable_path/Frameworks",
				);
				MARKETING_VERSION = 1.0;
				PRODUCT_BUNDLE_IDENTIFIER = com.ahmedfekry.EleganceHub;
				PRODUCT_NAME = "$(TARGET_NAME)";
				SWIFT_EMIT_LOC_STRINGS = YES;
				SWIFT_VERSION = 5.0;
				TARGETED_DEVICE_FAMILY = "1,2";
			};
			name = Debug;
		};
		C88C20852BFE8CB600886365 /* Release */ = {
			isa = XCBuildConfiguration;
			baseConfigurationReference = D3FA8F1ACF453A7E799A0792 /* Pods-EleganceHub.release.xcconfig */;
			buildSettings = {
				ASSETCATALOG_COMPILER_APPICON_NAME = AppIcon;
				ASSETCATALOG_COMPILER_GLOBAL_ACCENT_COLOR_NAME = AccentColor;
				CODE_SIGN_STYLE = Automatic;
				CURRENT_PROJECT_VERSION = 1;
				DEVELOPMENT_TEAM = MWZJ3A6CNJ;
				GENERATE_INFOPLIST_FILE = YES;
				INFOPLIST_FILE = EleganceHub/Info.plist;
				INFOPLIST_KEY_UIApplicationSupportsIndirectInputEvents = YES;
				INFOPLIST_KEY_UILaunchStoryboardName = LaunchScreen;
				INFOPLIST_KEY_UIMainStoryboardFile = Main;
				INFOPLIST_KEY_UISupportedInterfaceOrientations_iPad = "UIInterfaceOrientationPortrait UIInterfaceOrientationPortraitUpsideDown UIInterfaceOrientationLandscapeLeft UIInterfaceOrientationLandscapeRight";
				INFOPLIST_KEY_UISupportedInterfaceOrientations_iPhone = "UIInterfaceOrientationPortrait UIInterfaceOrientationLandscapeLeft UIInterfaceOrientationLandscapeRight";
				LD_RUNPATH_SEARCH_PATHS = (
					"$(inherited)",
					"@executable_path/Frameworks",
				);
				MARKETING_VERSION = 1.0;
				PRODUCT_BUNDLE_IDENTIFIER = com.ahmedfekry.EleganceHub;
				PRODUCT_NAME = "$(TARGET_NAME)";
				SWIFT_EMIT_LOC_STRINGS = YES;
				SWIFT_VERSION = 5.0;
				TARGETED_DEVICE_FAMILY = "1,2";
			};
			name = Release;
		};
		C88C20872BFE8CB600886365 /* Debug */ = {
			isa = XCBuildConfiguration;
			baseConfigurationReference = 1BE2F76C89CB56A6C91EF8B7 /* Pods-EleganceHubTests.debug.xcconfig */;
			buildSettings = {
				ALWAYS_EMBED_SWIFT_STANDARD_LIBRARIES = YES;
				BUNDLE_LOADER = "$(TEST_HOST)";
				CODE_SIGN_STYLE = Automatic;
				CURRENT_PROJECT_VERSION = 1;
				DEVELOPMENT_TEAM = MWZJ3A6CNJ;
				GENERATE_INFOPLIST_FILE = YES;
				IPHONEOS_DEPLOYMENT_TARGET = 16.2;
				MARKETING_VERSION = 1.0;
				PRODUCT_BUNDLE_IDENTIFIER = com.ahmedfekry.EleganceHubTests;
				PRODUCT_NAME = "$(TARGET_NAME)";
				SWIFT_EMIT_LOC_STRINGS = NO;
				SWIFT_VERSION = 5.0;
				TARGETED_DEVICE_FAMILY = "1,2";
				TEST_HOST = "$(BUILT_PRODUCTS_DIR)/EleganceHub.app/$(BUNDLE_EXECUTABLE_FOLDER_PATH)/EleganceHub";
			};
			name = Debug;
		};
		C88C20882BFE8CB600886365 /* Release */ = {
			isa = XCBuildConfiguration;
			baseConfigurationReference = 8742FAA0010C6E09FF4C59DC /* Pods-EleganceHubTests.release.xcconfig */;
			buildSettings = {
				ALWAYS_EMBED_SWIFT_STANDARD_LIBRARIES = YES;
				BUNDLE_LOADER = "$(TEST_HOST)";
				CODE_SIGN_STYLE = Automatic;
				CURRENT_PROJECT_VERSION = 1;
				DEVELOPMENT_TEAM = MWZJ3A6CNJ;
				GENERATE_INFOPLIST_FILE = YES;
				IPHONEOS_DEPLOYMENT_TARGET = 16.2;
				MARKETING_VERSION = 1.0;
				PRODUCT_BUNDLE_IDENTIFIER = com.ahmedfekry.EleganceHubTests;
				PRODUCT_NAME = "$(TARGET_NAME)";
				SWIFT_EMIT_LOC_STRINGS = NO;
				SWIFT_VERSION = 5.0;
				TARGETED_DEVICE_FAMILY = "1,2";
				TEST_HOST = "$(BUILT_PRODUCTS_DIR)/EleganceHub.app/$(BUNDLE_EXECUTABLE_FOLDER_PATH)/EleganceHub";
			};
			name = Release;
		};
		C88C208A2BFE8CB600886365 /* Debug */ = {
			isa = XCBuildConfiguration;
			baseConfigurationReference = B6B004924D3376DD4DE18E35 /* Pods-EleganceHub-EleganceHubUITests.debug.xcconfig */;
			buildSettings = {
				ALWAYS_EMBED_SWIFT_STANDARD_LIBRARIES = YES;
				CODE_SIGN_STYLE = Automatic;
				CURRENT_PROJECT_VERSION = 1;
				DEVELOPMENT_TEAM = MWZJ3A6CNJ;
				GENERATE_INFOPLIST_FILE = YES;
				MARKETING_VERSION = 1.0;
				PRODUCT_BUNDLE_IDENTIFIER = com.ahmedfekry.EleganceHubUITests;
				PRODUCT_NAME = "$(TARGET_NAME)";
				SWIFT_EMIT_LOC_STRINGS = NO;
				SWIFT_VERSION = 5.0;
				TARGETED_DEVICE_FAMILY = "1,2";
				TEST_TARGET_NAME = EleganceHub;
			};
			name = Debug;
		};
		C88C208B2BFE8CB600886365 /* Release */ = {
			isa = XCBuildConfiguration;
			baseConfigurationReference = EB8234701D34F1C511068448 /* Pods-EleganceHub-EleganceHubUITests.release.xcconfig */;
			buildSettings = {
				ALWAYS_EMBED_SWIFT_STANDARD_LIBRARIES = YES;
				CODE_SIGN_STYLE = Automatic;
				CURRENT_PROJECT_VERSION = 1;
				DEVELOPMENT_TEAM = MWZJ3A6CNJ;
				GENERATE_INFOPLIST_FILE = YES;
				MARKETING_VERSION = 1.0;
				PRODUCT_BUNDLE_IDENTIFIER = com.ahmedfekry.EleganceHubUITests;
				PRODUCT_NAME = "$(TARGET_NAME)";
				SWIFT_EMIT_LOC_STRINGS = NO;
				SWIFT_VERSION = 5.0;
				TARGETED_DEVICE_FAMILY = "1,2";
				TEST_TARGET_NAME = EleganceHub;
			};
			name = Release;
		};
/* End XCBuildConfiguration section */

/* Begin XCConfigurationList section */
		C88C20542BFE8CAF00886365 /* Build configuration list for PBXProject "EleganceHub" */ = {
			isa = XCConfigurationList;
			buildConfigurations = (
				C88C20812BFE8CB600886365 /* Debug */,
				C88C20822BFE8CB600886365 /* Release */,
			);
			defaultConfigurationIsVisible = 0;
			defaultConfigurationName = Release;
		};
		C88C20832BFE8CB600886365 /* Build configuration list for PBXNativeTarget "EleganceHub" */ = {
			isa = XCConfigurationList;
			buildConfigurations = (
				C88C20842BFE8CB600886365 /* Debug */,
				C88C20852BFE8CB600886365 /* Release */,
			);
			defaultConfigurationIsVisible = 0;
			defaultConfigurationName = Release;
		};
		C88C20862BFE8CB600886365 /* Build configuration list for PBXNativeTarget "EleganceHubTests" */ = {
			isa = XCConfigurationList;
			buildConfigurations = (
				C88C20872BFE8CB600886365 /* Debug */,
				C88C20882BFE8CB600886365 /* Release */,
			);
			defaultConfigurationIsVisible = 0;
			defaultConfigurationName = Release;
		};
		C88C20892BFE8CB600886365 /* Build configuration list for PBXNativeTarget "EleganceHubUITests" */ = {
			isa = XCConfigurationList;
			buildConfigurations = (
				C88C208A2BFE8CB600886365 /* Debug */,
				C88C208B2BFE8CB600886365 /* Release */,
			);
			defaultConfigurationIsVisible = 0;
			defaultConfigurationName = Release;
		};
/* End XCConfigurationList section */
	};
	rootObject = C88C20512BFE8CAF00886365 /* Project object */;
}
