// !$*UTF8*$!
{
	archiveVersion = 1;
	classes = {
	};
	objectVersion = 56;
	objects = {

/* Begin PBXBuildFile section */
		03A7F5522C01484000F68AC7 /* CartViewController.swift in Sources */ = {isa = PBXBuildFile; fileRef = 03A7F5512C01484000F68AC7 /* CartViewController.swift */; };
		03A7F5552C0164E500F68AC7 /* CartTableViewCell.swift in Sources */ = {isa = PBXBuildFile; fileRef = 03A7F5532C0164E500F68AC7 /* CartTableViewCell.swift */; };
		03A7F5562C0164E500F68AC7 /* CartTableViewCell.xib in Resources */ = {isa = PBXBuildFile; fileRef = 03A7F5542C0164E500F68AC7 /* CartTableViewCell.xib */; };
		03B68E002C019AAE0054DA74 /* OrderModel.swift in Sources */ = {isa = PBXBuildFile; fileRef = 03B68DFF2C019AAE0054DA74 /* OrderModel.swift */; };
		03B68E052C019DAE0054DA74 /* PaymentMethodTableViewCell.swift in Sources */ = {isa = PBXBuildFile; fileRef = 03B68E032C019DAE0054DA74 /* PaymentMethodTableViewCell.swift */; };
		03B68E062C019DAE0054DA74 /* PaymentMethodTableViewCell.xib in Resources */ = {isa = PBXBuildFile; fileRef = 03B68E042C019DAE0054DA74 /* PaymentMethodTableViewCell.xib */; };
		03B68E082C01A1950054DA74 /* PaymentViewController.swift in Sources */ = {isa = PBXBuildFile; fileRef = 03B68E072C01A1950054DA74 /* PaymentViewController.swift */; };
		03B68E0A2C01A3160054DA74 /* PaymentMethodModel.swift in Sources */ = {isa = PBXBuildFile; fileRef = 03B68E092C01A3160054DA74 /* PaymentMethodModel.swift */; };
		03E40B6A2C01E2AB00345DE2 /* SettingsViewController.swift in Sources */ = {isa = PBXBuildFile; fileRef = 03E40B692C01E2AB00345DE2 /* SettingsViewController.swift */; };
		3BC297D75085200E575E3889 /* Pods_EleganceHub_EleganceHubUITests.framework in Frameworks */ = {isa = PBXBuildFile; fileRef = F5380FBCB266D4065C010708 /* Pods_EleganceHub_EleganceHubUITests.framework */; };
		78E6C913A67E1D0956C26FF0 /* Pods_EleganceHub.framework in Frameworks */ = {isa = PBXBuildFile; fileRef = 3C949754F3348588708BF29C /* Pods_EleganceHub.framework */; };
		7F359E8A2BFE9CFC00D0D733 /* TabBarCorners.swift in Sources */ = {isa = PBXBuildFile; fileRef = 7F359E892BFE9CFC00D0D733 /* TabBarCorners.swift */; };
		7F359E932BFEB9B700D0D733 /* BrandsCollectionViewCell.swift in Sources */ = {isa = PBXBuildFile; fileRef = 7F359E912BFEB9B600D0D733 /* BrandsCollectionViewCell.swift */; };
		7F359E942BFEB9B700D0D733 /* BrandsCollectionViewCell.xib in Resources */ = {isa = PBXBuildFile; fileRef = 7F359E922BFEB9B600D0D733 /* BrandsCollectionViewCell.xib */; };
		7F359E962BFEBD7200D0D733 /* HomeViewController.swift in Sources */ = {isa = PBXBuildFile; fileRef = 7F359E952BFEBD7200D0D733 /* HomeViewController.swift */; };
		7F359E982BFF4DC500D0D733 /* CouponsCollectionViewCell.swift in Sources */ = {isa = PBXBuildFile; fileRef = 7F359E972BFF4DC500D0D733 /* CouponsCollectionViewCell.swift */; };
		7F359E9B2BFF63D400D0D733 /* CouponsCollectionViewCell.xib in Resources */ = {isa = PBXBuildFile; fileRef = 7F359E9A2BFF63D400D0D733 /* CouponsCollectionViewCell.xib */; };
		C88C205D2BFE8CAF00886365 /* AppDelegate.swift in Sources */ = {isa = PBXBuildFile; fileRef = C88C205C2BFE8CAF00886365 /* AppDelegate.swift */; };
		C88C205F2BFE8CAF00886365 /* SceneDelegate.swift in Sources */ = {isa = PBXBuildFile; fileRef = C88C205E2BFE8CAF00886365 /* SceneDelegate.swift */; };
		C88C20612BFE8CAF00886365 /* ViewController.swift in Sources */ = {isa = PBXBuildFile; fileRef = C88C20602BFE8CAF00886365 /* ViewController.swift */; };
		C88C20642BFE8CAF00886365 /* Main.storyboard in Resources */ = {isa = PBXBuildFile; fileRef = C88C20622BFE8CAF00886365 /* Main.storyboard */; };
		C88C20662BFE8CB400886365 /* Assets.xcassets in Resources */ = {isa = PBXBuildFile; fileRef = C88C20652BFE8CB400886365 /* Assets.xcassets */; };
		C88C20692BFE8CB400886365 /* LaunchScreen.storyboard in Resources */ = {isa = PBXBuildFile; fileRef = C88C20672BFE8CB400886365 /* LaunchScreen.storyboard */; };
		C88C20742BFE8CB600886365 /* EleganceHubTests.swift in Sources */ = {isa = PBXBuildFile; fileRef = C88C20732BFE8CB600886365 /* EleganceHubTests.swift */; };
		C88C207E2BFE8CB600886365 /* EleganceHubUITests.swift in Sources */ = {isa = PBXBuildFile; fileRef = C88C207D2BFE8CB600886365 /* EleganceHubUITests.swift */; };
		C88C20802BFE8CB600886365 /* EleganceHubUITestsLaunchTests.swift in Sources */ = {isa = PBXBuildFile; fileRef = C88C207F2BFE8CB600886365 /* EleganceHubUITestsLaunchTests.swift */; };
		D478FC682BFF49D700BBA2BB /* WelcomeViewController.swift in Sources */ = {isa = PBXBuildFile; fileRef = D478FC672BFF49D700BBA2BB /* WelcomeViewController.swift */; };
		DC68DABB496FAAF0D90B9526 /* Pods_EleganceHubTests.framework in Frameworks */ = {isa = PBXBuildFile; fileRef = 0DC1630ABF143E093FFAB7C0 /* Pods_EleganceHubTests.framework */; };
/* End PBXBuildFile section */

/* Begin PBXContainerItemProxy section */
		C88C20702BFE8CB500886365 /* PBXContainerItemProxy */ = {
			isa = PBXContainerItemProxy;
			containerPortal = C88C20512BFE8CAF00886365 /* Project object */;
			proxyType = 1;
			remoteGlobalIDString = C88C20582BFE8CAF00886365;
			remoteInfo = EleganceHub;
		};
		C88C207A2BFE8CB600886365 /* PBXContainerItemProxy */ = {
			isa = PBXContainerItemProxy;
			containerPortal = C88C20512BFE8CAF00886365 /* Project object */;
			proxyType = 1;
			remoteGlobalIDString = C88C20582BFE8CAF00886365;
			remoteInfo = EleganceHub;
		};
/* End PBXContainerItemProxy section */

/* Begin PBXFileReference section */
		03A7F5512C01484000F68AC7 /* CartViewController.swift */ = {isa = PBXFileReference; lastKnownFileType = sourcecode.swift; path = CartViewController.swift; sourceTree = "<group>"; };
		03A7F5532C0164E500F68AC7 /* CartTableViewCell.swift */ = {isa = PBXFileReference; lastKnownFileType = sourcecode.swift; path = CartTableViewCell.swift; sourceTree = "<group>"; };
		03A7F5542C0164E500F68AC7 /* CartTableViewCell.xib */ = {isa = PBXFileReference; lastKnownFileType = file.xib; path = CartTableViewCell.xib; sourceTree = "<group>"; };
		03B68DFF2C019AAE0054DA74 /* OrderModel.swift */ = {isa = PBXFileReference; lastKnownFileType = sourcecode.swift; path = OrderModel.swift; sourceTree = "<group>"; };
		03B68E032C019DAE0054DA74 /* PaymentMethodTableViewCell.swift */ = {isa = PBXFileReference; lastKnownFileType = sourcecode.swift; path = PaymentMethodTableViewCell.swift; sourceTree = "<group>"; };
		03B68E042C019DAE0054DA74 /* PaymentMethodTableViewCell.xib */ = {isa = PBXFileReference; lastKnownFileType = file.xib; path = PaymentMethodTableViewCell.xib; sourceTree = "<group>"; };
		03B68E072C01A1950054DA74 /* PaymentViewController.swift */ = {isa = PBXFileReference; lastKnownFileType = sourcecode.swift; path = PaymentViewController.swift; sourceTree = "<group>"; };
		03B68E092C01A3160054DA74 /* PaymentMethodModel.swift */ = {isa = PBXFileReference; lastKnownFileType = sourcecode.swift; path = PaymentMethodModel.swift; sourceTree = "<group>"; };
		03E40B692C01E2AB00345DE2 /* SettingsViewController.swift */ = {isa = PBXFileReference; lastKnownFileType = sourcecode.swift; path = SettingsViewController.swift; sourceTree = "<group>"; };
		0DC1630ABF143E093FFAB7C0 /* Pods_EleganceHubTests.framework */ = {isa = PBXFileReference; explicitFileType = wrapper.framework; includeInIndex = 0; path = Pods_EleganceHubTests.framework; sourceTree = BUILT_PRODUCTS_DIR; };
		1BE2F76C89CB56A6C91EF8B7 /* Pods-EleganceHubTests.debug.xcconfig */ = {isa = PBXFileReference; includeInIndex = 1; lastKnownFileType = text.xcconfig; name = "Pods-EleganceHubTests.debug.xcconfig"; path = "Target Support Files/Pods-EleganceHubTests/Pods-EleganceHubTests.debug.xcconfig"; sourceTree = "<group>"; };
		3C949754F3348588708BF29C /* Pods_EleganceHub.framework */ = {isa = PBXFileReference; explicitFileType = wrapper.framework; includeInIndex = 0; path = Pods_EleganceHub.framework; sourceTree = BUILT_PRODUCTS_DIR; };
		7F359E892BFE9CFC00D0D733 /* TabBarCorners.swift */ = {isa = PBXFileReference; lastKnownFileType = sourcecode.swift; path = TabBarCorners.swift; sourceTree = "<group>"; };
		7F359E912BFEB9B600D0D733 /* BrandsCollectionViewCell.swift */ = {isa = PBXFileReference; lastKnownFileType = sourcecode.swift; path = BrandsCollectionViewCell.swift; sourceTree = "<group>"; };
		7F359E922BFEB9B600D0D733 /* BrandsCollectionViewCell.xib */ = {isa = PBXFileReference; lastKnownFileType = file.xib; path = BrandsCollectionViewCell.xib; sourceTree = "<group>"; };
		7F359E952BFEBD7200D0D733 /* HomeViewController.swift */ = {isa = PBXFileReference; lastKnownFileType = sourcecode.swift; path = HomeViewController.swift; sourceTree = "<group>"; };
		7F359E972BFF4DC500D0D733 /* CouponsCollectionViewCell.swift */ = {isa = PBXFileReference; lastKnownFileType = sourcecode.swift; path = CouponsCollectionViewCell.swift; sourceTree = "<group>"; };
		7F359E9A2BFF63D400D0D733 /* CouponsCollectionViewCell.xib */ = {isa = PBXFileReference; lastKnownFileType = file.xib; path = CouponsCollectionViewCell.xib; sourceTree = "<group>"; };
		8742FAA0010C6E09FF4C59DC /* Pods-EleganceHubTests.release.xcconfig */ = {isa = PBXFileReference; includeInIndex = 1; lastKnownFileType = text.xcconfig; name = "Pods-EleganceHubTests.release.xcconfig"; path = "Target Support Files/Pods-EleganceHubTests/Pods-EleganceHubTests.release.xcconfig"; sourceTree = "<group>"; };
		8964028234E4E728CF2EA612 /* Pods-EleganceHub.debug.xcconfig */ = {isa = PBXFileReference; includeInIndex = 1; lastKnownFileType = text.xcconfig; name = "Pods-EleganceHub.debug.xcconfig"; path = "Target Support Files/Pods-EleganceHub/Pods-EleganceHub.debug.xcconfig"; sourceTree = "<group>"; };
		B6B004924D3376DD4DE18E35 /* Pods-EleganceHub-EleganceHubUITests.debug.xcconfig */ = {isa = PBXFileReference; includeInIndex = 1; lastKnownFileType = text.xcconfig; name = "Pods-EleganceHub-EleganceHubUITests.debug.xcconfig"; path = "Target Support Files/Pods-EleganceHub-EleganceHubUITests/Pods-EleganceHub-EleganceHubUITests.debug.xcconfig"; sourceTree = "<group>"; };
		C88C20592BFE8CAF00886365 /* EleganceHub.app */ = {isa = PBXFileReference; explicitFileType = wrapper.application; includeInIndex = 0; path = EleganceHub.app; sourceTree = BUILT_PRODUCTS_DIR; };
		C88C205C2BFE8CAF00886365 /* AppDelegate.swift */ = {isa = PBXFileReference; lastKnownFileType = sourcecode.swift; path = AppDelegate.swift; sourceTree = "<group>"; };
		C88C205E2BFE8CAF00886365 /* SceneDelegate.swift */ = {isa = PBXFileReference; lastKnownFileType = sourcecode.swift; path = SceneDelegate.swift; sourceTree = "<group>"; };
		C88C20602BFE8CAF00886365 /* ViewController.swift */ = {isa = PBXFileReference; lastKnownFileType = sourcecode.swift; path = ViewController.swift; sourceTree = "<group>"; };
		C88C20632BFE8CAF00886365 /* Base */ = {isa = PBXFileReference; lastKnownFileType = file.storyboard; name = Base; path = Base.lproj/Main.storyboard; sourceTree = "<group>"; };
		C88C20652BFE8CB400886365 /* Assets.xcassets */ = {isa = PBXFileReference; lastKnownFileType = folder.assetcatalog; path = Assets.xcassets; sourceTree = "<group>"; };
		C88C20682BFE8CB400886365 /* Base */ = {isa = PBXFileReference; lastKnownFileType = file.storyboard; name = Base; path = Base.lproj/LaunchScreen.storyboard; sourceTree = "<group>"; };
		C88C206A2BFE8CB400886365 /* Info.plist */ = {isa = PBXFileReference; lastKnownFileType = text.plist.xml; path = Info.plist; sourceTree = "<group>"; };
		C88C206F2BFE8CB500886365 /* EleganceHubTests.xctest */ = {isa = PBXFileReference; explicitFileType = wrapper.cfbundle; includeInIndex = 0; path = EleganceHubTests.xctest; sourceTree = BUILT_PRODUCTS_DIR; };
		C88C20732BFE8CB600886365 /* EleganceHubTests.swift */ = {isa = PBXFileReference; lastKnownFileType = sourcecode.swift; path = EleganceHubTests.swift; sourceTree = "<group>"; };
		C88C20792BFE8CB600886365 /* EleganceHubUITests.xctest */ = {isa = PBXFileReference; explicitFileType = wrapper.cfbundle; includeInIndex = 0; path = EleganceHubUITests.xctest; sourceTree = BUILT_PRODUCTS_DIR; };
		C88C207D2BFE8CB600886365 /* EleganceHubUITests.swift */ = {isa = PBXFileReference; lastKnownFileType = sourcecode.swift; path = EleganceHubUITests.swift; sourceTree = "<group>"; };
		C88C207F2BFE8CB600886365 /* EleganceHubUITestsLaunchTests.swift */ = {isa = PBXFileReference; lastKnownFileType = sourcecode.swift; path = EleganceHubUITestsLaunchTests.swift; sourceTree = "<group>"; };
		D3FA8F1ACF453A7E799A0792 /* Pods-EleganceHub.release.xcconfig */ = {isa = PBXFileReference; includeInIndex = 1; lastKnownFileType = text.xcconfig; name = "Pods-EleganceHub.release.xcconfig"; path = "Target Support Files/Pods-EleganceHub/Pods-EleganceHub.release.xcconfig"; sourceTree = "<group>"; };
		D478FC672BFF49D700BBA2BB /* WelcomeViewController.swift */ = {isa = PBXFileReference; lastKnownFileType = sourcecode.swift; path = WelcomeViewController.swift; sourceTree = "<group>"; };
		EB8234701D34F1C511068448 /* Pods-EleganceHub-EleganceHubUITests.release.xcconfig */ = {isa = PBXFileReference; includeInIndex = 1; lastKnownFileType = text.xcconfig; name = "Pods-EleganceHub-EleganceHubUITests.release.xcconfig"; path = "Target Support Files/Pods-EleganceHub-EleganceHubUITests/Pods-EleganceHub-EleganceHubUITests.release.xcconfig"; sourceTree = "<group>"; };
		F5380FBCB266D4065C010708 /* Pods_EleganceHub_EleganceHubUITests.framework */ = {isa = PBXFileReference; explicitFileType = wrapper.framework; includeInIndex = 0; path = Pods_EleganceHub_EleganceHubUITests.framework; sourceTree = BUILT_PRODUCTS_DIR; };
/* End PBXFileReference section */

/* Begin PBXFrameworksBuildPhase section */
		C88C20562BFE8CAF00886365 /* Frameworks */ = {
			isa = PBXFrameworksBuildPhase;
			buildActionMask = 2147483647;
			files = (
				78E6C913A67E1D0956C26FF0 /* Pods_EleganceHub.framework in Frameworks */,
			);
			runOnlyForDeploymentPostprocessing = 0;
		};
		C88C206C2BFE8CB500886365 /* Frameworks */ = {
			isa = PBXFrameworksBuildPhase;
			buildActionMask = 2147483647;
			files = (
				DC68DABB496FAAF0D90B9526 /* Pods_EleganceHubTests.framework in Frameworks */,
			);
			runOnlyForDeploymentPostprocessing = 0;
		};
		C88C20762BFE8CB600886365 /* Frameworks */ = {
			isa = PBXFrameworksBuildPhase;
			buildActionMask = 2147483647;
			files = (
				3BC297D75085200E575E3889 /* Pods_EleganceHub_EleganceHubUITests.framework in Frameworks */,
			);
			runOnlyForDeploymentPostprocessing = 0;
		};
/* End PBXFrameworksBuildPhase section */

/* Begin PBXGroup section */
		03A7F54D2C01440A00F68AC7 /* Cart */ = {
			isa = PBXGroup;
			children = (
				03A7F5502C01481300F68AC7 /* ViewModel */,
				03A7F54F2C0147FC00F68AC7 /* Model */,
				03A7F54E2C0147F500F68AC7 /* View */,
			);
			path = Cart;
			sourceTree = "<group>";
		};
		03A7F54E2C0147F500F68AC7 /* View */ = {
			isa = PBXGroup;
			children = (
				03B68E022C019D8E0054DA74 /* PaymentView */,
				03B68E012C019D750054DA74 /* CartView */,
			);
			path = View;
			sourceTree = "<group>";
		};
		03A7F54F2C0147FC00F68AC7 /* Model */ = {
			isa = PBXGroup;
			children = (
				03B68DFF2C019AAE0054DA74 /* OrderModel.swift */,
				03B68E092C01A3160054DA74 /* PaymentMethodModel.swift */,
			);
			path = Model;
			sourceTree = "<group>";
		};
		03A7F5502C01481300F68AC7 /* ViewModel */ = {
			isa = PBXGroup;
			children = (
			);
			path = ViewModel;
			sourceTree = "<group>";
		};
		03B68E012C019D750054DA74 /* CartView */ = {
			isa = PBXGroup;
			children = (
				03A7F5542C0164E500F68AC7 /* CartTableViewCell.xib */,
				03A7F5512C01484000F68AC7 /* CartViewController.swift */,
				03A7F5532C0164E500F68AC7 /* CartTableViewCell.swift */,
			);
			path = CartView;
			sourceTree = "<group>";
		};
		03B68E022C019D8E0054DA74 /* PaymentView */ = {
			isa = PBXGroup;
			children = (
				03B68E032C019DAE0054DA74 /* PaymentMethodTableViewCell.swift */,
				03B68E042C019DAE0054DA74 /* PaymentMethodTableViewCell.xib */,
				03B68E072C01A1950054DA74 /* PaymentViewController.swift */,
			);
			path = PaymentView;
			sourceTree = "<group>";
		};
		03E40B652C01E23B00345DE2 /* Settings */ = {
			isa = PBXGroup;
			children = (
				03E40B682C01E28F00345DE2 /* Model */,
				03E40B672C01E24C00345DE2 /* ViewModel */,
				03E40B662C01E24500345DE2 /* View */,
			);
			path = Settings;
			sourceTree = "<group>";
		};
		03E40B662C01E24500345DE2 /* View */ = {
			isa = PBXGroup;
			children = (
				03E40B692C01E2AB00345DE2 /* SettingsViewController.swift */,
			);
			path = View;
			sourceTree = "<group>";
		};
		03E40B672C01E24C00345DE2 /* ViewModel */ = {
			isa = PBXGroup;
			children = (
			);
			path = ViewModel;
			sourceTree = "<group>";
		};
		03E40B682C01E28F00345DE2 /* Model */ = {
			isa = PBXGroup;
			children = (
			);
			path = Model;
			sourceTree = "<group>";
		};
		243E6118410299118C4FF905 /* Pods */ = {
			isa = PBXGroup;
			children = (
				8964028234E4E728CF2EA612 /* Pods-EleganceHub.debug.xcconfig */,
				D3FA8F1ACF453A7E799A0792 /* Pods-EleganceHub.release.xcconfig */,
				B6B004924D3376DD4DE18E35 /* Pods-EleganceHub-EleganceHubUITests.debug.xcconfig */,
				EB8234701D34F1C511068448 /* Pods-EleganceHub-EleganceHubUITests.release.xcconfig */,
				1BE2F76C89CB56A6C91EF8B7 /* Pods-EleganceHubTests.debug.xcconfig */,
				8742FAA0010C6E09FF4C59DC /* Pods-EleganceHubTests.release.xcconfig */,
			);
			path = Pods;
			sourceTree = "<group>";
		};
		7F359E8D2BFEA9DA00D0D733 /* Home */ = {
			isa = PBXGroup;
			children = (
				7F359E8E2BFEA9EE00D0D733 /* View */,
			);
			path = Home;
			sourceTree = "<group>";
		};
		7F359E8E2BFEA9EE00D0D733 /* View */ = {
			isa = PBXGroup;
			children = (
				7F359E952BFEBD7200D0D733 /* HomeViewController.swift */,
				7F359E892BFE9CFC00D0D733 /* TabBarCorners.swift */,
				7F359E992BFF53A500D0D733 /* Cells */,
			);
			path = View;
			sourceTree = "<group>";
		};
		7F359E992BFF53A500D0D733 /* Cells */ = {
			isa = PBXGroup;
			children = (
				7F359E972BFF4DC500D0D733 /* CouponsCollectionViewCell.swift */,
				7F359E912BFEB9B600D0D733 /* BrandsCollectionViewCell.swift */,
				7F359E922BFEB9B600D0D733 /* BrandsCollectionViewCell.xib */,
				7F359E9A2BFF63D400D0D733 /* CouponsCollectionViewCell.xib */,
			);
			path = Cells;
			sourceTree = "<group>";
		};
		C5A3624C3FE1D3767CFF1C42 /* Frameworks */ = {
			isa = PBXGroup;
			children = (
				3C949754F3348588708BF29C /* Pods_EleganceHub.framework */,
				F5380FBCB266D4065C010708 /* Pods_EleganceHub_EleganceHubUITests.framework */,
				0DC1630ABF143E093FFAB7C0 /* Pods_EleganceHubTests.framework */,
			);
			name = Frameworks;
			sourceTree = "<group>";
		};
		C88C20502BFE8CAF00886365 = {
			isa = PBXGroup;
			children = (
				C88C205B2BFE8CAF00886365 /* EleganceHub */,
				C88C20722BFE8CB600886365 /* EleganceHubTests */,
				C88C207C2BFE8CB600886365 /* EleganceHubUITests */,
				C88C205A2BFE8CAF00886365 /* Products */,
				243E6118410299118C4FF905 /* Pods */,
				C5A3624C3FE1D3767CFF1C42 /* Frameworks */,
			);
			sourceTree = "<group>";
		};
		C88C205A2BFE8CAF00886365 /* Products */ = {
			isa = PBXGroup;
			children = (
				C88C20592BFE8CAF00886365 /* EleganceHub.app */,
				C88C206F2BFE8CB500886365 /* EleganceHubTests.xctest */,
				C88C20792BFE8CB600886365 /* EleganceHubUITests.xctest */,
			);
			name = Products;
			sourceTree = "<group>";
		};
		C88C205B2BFE8CAF00886365 /* EleganceHub */ = {
			isa = PBXGroup;
			children = (
				03E40B652C01E23B00345DE2 /* Settings */,
				03A7F54D2C01440A00F68AC7 /* Cart */,
				D478FC652BFF49B500BBA2BB /* Welcome */,
				7F359E8D2BFEA9DA00D0D733 /* Home */,
				C88C205C2BFE8CAF00886365 /* AppDelegate.swift */,
				C88C205E2BFE8CAF00886365 /* SceneDelegate.swift */,
				C88C20602BFE8CAF00886365 /* ViewController.swift */,
				C88C20622BFE8CAF00886365 /* Main.storyboard */,
				C88C20652BFE8CB400886365 /* Assets.xcassets */,
				C88C20672BFE8CB400886365 /* LaunchScreen.storyboard */,
				C88C206A2BFE8CB400886365 /* Info.plist */,
			);
			path = EleganceHub;
			sourceTree = "<group>";
		};
		C88C20722BFE8CB600886365 /* EleganceHubTests */ = {
			isa = PBXGroup;
			children = (
				C88C20732BFE8CB600886365 /* EleganceHubTests.swift */,
			);
			path = EleganceHubTests;
			sourceTree = "<group>";
		};
		C88C207C2BFE8CB600886365 /* EleganceHubUITests */ = {
			isa = PBXGroup;
			children = (
				C88C207D2BFE8CB600886365 /* EleganceHubUITests.swift */,
				C88C207F2BFE8CB600886365 /* EleganceHubUITestsLaunchTests.swift */,
			);
			path = EleganceHubUITests;
			sourceTree = "<group>";
		};
		D478FC652BFF49B500BBA2BB /* Welcome */ = {
			isa = PBXGroup;
			children = (
				D478FC662BFF49BC00BBA2BB /* View */,
			);
			path = Welcome;
			sourceTree = "<group>";
		};
		D478FC662BFF49BC00BBA2BB /* View */ = {
			isa = PBXGroup;
			children = (
				D478FC672BFF49D700BBA2BB /* WelcomeViewController.swift */,
			);
			path = View;
			sourceTree = "<group>";
		};
/* End PBXGroup section */

/* Begin PBXNativeTarget section */
		C88C20582BFE8CAF00886365 /* EleganceHub */ = {
			isa = PBXNativeTarget;
			buildConfigurationList = C88C20832BFE8CB600886365 /* Build configuration list for PBXNativeTarget "EleganceHub" */;
			buildPhases = (
				D6387059794D1B35B6E9D293 /* [CP] Check Pods Manifest.lock */,
				C88C20552BFE8CAF00886365 /* Sources */,
				C88C20562BFE8CAF00886365 /* Frameworks */,
				C88C20572BFE8CAF00886365 /* Resources */,
				CDBCBBB35D758B16A432EBD0 /* [CP] Embed Pods Frameworks */,
			);
			buildRules = (
			);
			dependencies = (
			);
			name = EleganceHub;
			productName = EleganceHub;
			productReference = C88C20592BFE8CAF00886365 /* EleganceHub.app */;
			productType = "com.apple.product-type.application";
		};
		C88C206E2BFE8CB500886365 /* EleganceHubTests */ = {
			isa = PBXNativeTarget;
			buildConfigurationList = C88C20862BFE8CB600886365 /* Build configuration list for PBXNativeTarget "EleganceHubTests" */;
			buildPhases = (
				50F5D75F8DF2EF083F5ABFF9 /* [CP] Check Pods Manifest.lock */,
				C88C206B2BFE8CB500886365 /* Sources */,
				C88C206C2BFE8CB500886365 /* Frameworks */,
				C88C206D2BFE8CB500886365 /* Resources */,
			);
			buildRules = (
			);
			dependencies = (
				C88C20712BFE8CB500886365 /* PBXTargetDependency */,
			);
			name = EleganceHubTests;
			productName = EleganceHubTests;
			productReference = C88C206F2BFE8CB500886365 /* EleganceHubTests.xctest */;
			productType = "com.apple.product-type.bundle.unit-test";
		};
		C88C20782BFE8CB600886365 /* EleganceHubUITests */ = {
			isa = PBXNativeTarget;
			buildConfigurationList = C88C20892BFE8CB600886365 /* Build configuration list for PBXNativeTarget "EleganceHubUITests" */;
			buildPhases = (
				88A633337D8169E5A34EDE93 /* [CP] Check Pods Manifest.lock */,
				C88C20752BFE8CB600886365 /* Sources */,
				C88C20762BFE8CB600886365 /* Frameworks */,
				C88C20772BFE8CB600886365 /* Resources */,
				77575E82D5A8B336CA5F4864 /* [CP] Embed Pods Frameworks */,
			);
			buildRules = (
			);
			dependencies = (
				C88C207B2BFE8CB600886365 /* PBXTargetDependency */,
			);
			name = EleganceHubUITests;
			productName = EleganceHubUITests;
			productReference = C88C20792BFE8CB600886365 /* EleganceHubUITests.xctest */;
			productType = "com.apple.product-type.bundle.ui-testing";
		};
/* End PBXNativeTarget section */

/* Begin PBXProject section */
		C88C20512BFE8CAF00886365 /* Project object */ = {
			isa = PBXProject;
			attributes = {
				BuildIndependentTargetsInParallel = 1;
				LastSwiftUpdateCheck = 1420;
				LastUpgradeCheck = 1420;
				TargetAttributes = {
					C88C20582BFE8CAF00886365 = {
						CreatedOnToolsVersion = 14.2;
					};
					C88C206E2BFE8CB500886365 = {
						CreatedOnToolsVersion = 14.2;
						TestTargetID = C88C20582BFE8CAF00886365;
					};
					C88C20782BFE8CB600886365 = {
						CreatedOnToolsVersion = 14.2;
						TestTargetID = C88C20582BFE8CAF00886365;
					};
				};
			};
			buildConfigurationList = C88C20542BFE8CAF00886365 /* Build configuration list for PBXProject "EleganceHub" */;
			compatibilityVersion = "Xcode 14.0";
			developmentRegion = en;
			hasScannedForEncodings = 0;
			knownRegions = (
				en,
				Base,
			);
			mainGroup = C88C20502BFE8CAF00886365;
			productRefGroup = C88C205A2BFE8CAF00886365 /* Products */;
			projectDirPath = "";
			projectRoot = "";
			targets = (
				C88C20582BFE8CAF00886365 /* EleganceHub */,
				C88C206E2BFE8CB500886365 /* EleganceHubTests */,
				C88C20782BFE8CB600886365 /* EleganceHubUITests */,
			);
		};
/* End PBXProject section */

/* Begin PBXResourcesBuildPhase section */
		C88C20572BFE8CAF00886365 /* Resources */ = {
			isa = PBXResourcesBuildPhase;
			buildActionMask = 2147483647;
			files = (
				7F359E942BFEB9B700D0D733 /* BrandsCollectionViewCell.xib in Resources */,
				7F359E9B2BFF63D400D0D733 /* CouponsCollectionViewCell.xib in Resources */,
				C88C20692BFE8CB400886365 /* LaunchScreen.storyboard in Resources */,
				03A7F5562C0164E500F68AC7 /* CartTableViewCell.xib in Resources */,
				C88C20662BFE8CB400886365 /* Assets.xcassets in Resources */,
				C88C20642BFE8CAF00886365 /* Main.storyboard in Resources */,
				03B68E062C019DAE0054DA74 /* PaymentMethodTableViewCell.xib in Resources */,
			);
			runOnlyForDeploymentPostprocessing = 0;
		};
		C88C206D2BFE8CB500886365 /* Resources */ = {
			isa = PBXResourcesBuildPhase;
			buildActionMask = 2147483647;
			files = (
			);
			runOnlyForDeploymentPostprocessing = 0;
		};
		C88C20772BFE8CB600886365 /* Resources */ = {
			isa = PBXResourcesBuildPhase;
			buildActionMask = 2147483647;
			files = (
			);
			runOnlyForDeploymentPostprocessing = 0;
		};
/* End PBXResourcesBuildPhase section */

/* Begin PBXShellScriptBuildPhase section */
		50F5D75F8DF2EF083F5ABFF9 /* [CP] Check Pods Manifest.lock */ = {
			isa = PBXShellScriptBuildPhase;
			buildActionMask = 2147483647;
			files = (
			);
			inputFileListPaths = (
			);
			inputPaths = (
				"${PODS_PODFILE_DIR_PATH}/Podfile.lock",
				"${PODS_ROOT}/Manifest.lock",
			);
			name = "[CP] Check Pods Manifest.lock";
			outputFileListPaths = (
			);
			outputPaths = (
				"$(DERIVED_FILE_DIR)/Pods-EleganceHubTests-checkManifestLockResult.txt",
			);
			runOnlyForDeploymentPostprocessing = 0;
			shellPath = /bin/sh;
			shellScript = "diff \"${PODS_PODFILE_DIR_PATH}/Podfile.lock\" \"${PODS_ROOT}/Manifest.lock\" > /dev/null\nif [ $? != 0 ] ; then\n    # print error to STDERR\n    echo \"error: The sandbox is not in sync with the Podfile.lock. Run 'pod install' or update your CocoaPods installation.\" >&2\n    exit 1\nfi\n# This output is used by Xcode 'outputs' to avoid re-running this script phase.\necho \"SUCCESS\" > \"${SCRIPT_OUTPUT_FILE_0}\"\n";
			showEnvVarsInLog = 0;
		};
		77575E82D5A8B336CA5F4864 /* [CP] Embed Pods Frameworks */ = {
			isa = PBXShellScriptBuildPhase;
			buildActionMask = 2147483647;
			files = (
			);
			inputFileListPaths = (
				"${PODS_ROOT}/Target Support Files/Pods-EleganceHub-EleganceHubUITests/Pods-EleganceHub-EleganceHubUITests-frameworks-${CONFIGURATION}-input-files.xcfilelist",
			);
			name = "[CP] Embed Pods Frameworks";
			outputFileListPaths = (
				"${PODS_ROOT}/Target Support Files/Pods-EleganceHub-EleganceHubUITests/Pods-EleganceHub-EleganceHubUITests-frameworks-${CONFIGURATION}-output-files.xcfilelist",
			);
			runOnlyForDeploymentPostprocessing = 0;
			shellPath = /bin/sh;
			shellScript = "\"${PODS_ROOT}/Target Support Files/Pods-EleganceHub-EleganceHubUITests/Pods-EleganceHub-EleganceHubUITests-frameworks.sh\"\n";
			showEnvVarsInLog = 0;
		};
		88A633337D8169E5A34EDE93 /* [CP] Check Pods Manifest.lock */ = {
			isa = PBXShellScriptBuildPhase;
			buildActionMask = 2147483647;
			files = (
			);
			inputFileListPaths = (
			);
			inputPaths = (
				"${PODS_PODFILE_DIR_PATH}/Podfile.lock",
				"${PODS_ROOT}/Manifest.lock",
			);
			name = "[CP] Check Pods Manifest.lock";
			outputFileListPaths = (
			);
			outputPaths = (
				"$(DERIVED_FILE_DIR)/Pods-EleganceHub-EleganceHubUITests-checkManifestLockResult.txt",
			);
			runOnlyForDeploymentPostprocessing = 0;
			shellPath = /bin/sh;
			shellScript = "diff \"${PODS_PODFILE_DIR_PATH}/Podfile.lock\" \"${PODS_ROOT}/Manifest.lock\" > /dev/null\nif [ $? != 0 ] ; then\n    # print error to STDERR\n    echo \"error: The sandbox is not in sync with the Podfile.lock. Run 'pod install' or update your CocoaPods installation.\" >&2\n    exit 1\nfi\n# This output is used by Xcode 'outputs' to avoid re-running this script phase.\necho \"SUCCESS\" > \"${SCRIPT_OUTPUT_FILE_0}\"\n";
			showEnvVarsInLog = 0;
		};
		CDBCBBB35D758B16A432EBD0 /* [CP] Embed Pods Frameworks */ = {
			isa = PBXShellScriptBuildPhase;
			buildActionMask = 2147483647;
			files = (
			);
			inputFileListPaths = (
				"${PODS_ROOT}/Target Support Files/Pods-EleganceHub/Pods-EleganceHub-frameworks-${CONFIGURATION}-input-files.xcfilelist",
			);
			name = "[CP] Embed Pods Frameworks";
			outputFileListPaths = (
				"${PODS_ROOT}/Target Support Files/Pods-EleganceHub/Pods-EleganceHub-frameworks-${CONFIGURATION}-output-files.xcfilelist",
			);
			runOnlyForDeploymentPostprocessing = 0;
			shellPath = /bin/sh;
			shellScript = "\"${PODS_ROOT}/Target Support Files/Pods-EleganceHub/Pods-EleganceHub-frameworks.sh\"\n";
			showEnvVarsInLog = 0;
		};
		D6387059794D1B35B6E9D293 /* [CP] Check Pods Manifest.lock */ = {
			isa = PBXShellScriptBuildPhase;
			buildActionMask = 2147483647;
			files = (
			);
			inputFileListPaths = (
			);
			inputPaths = (
				"${PODS_PODFILE_DIR_PATH}/Podfile.lock",
				"${PODS_ROOT}/Manifest.lock",
			);
			name = "[CP] Check Pods Manifest.lock";
			outputFileListPaths = (
			);
			outputPaths = (
				"$(DERIVED_FILE_DIR)/Pods-EleganceHub-checkManifestLockResult.txt",
			);
			runOnlyForDeploymentPostprocessing = 0;
			shellPath = /bin/sh;
			shellScript = "diff \"${PODS_PODFILE_DIR_PATH}/Podfile.lock\" \"${PODS_ROOT}/Manifest.lock\" > /dev/null\nif [ $? != 0 ] ; then\n    # print error to STDERR\n    echo \"error: The sandbox is not in sync with the Podfile.lock. Run 'pod install' or update your CocoaPods installation.\" >&2\n    exit 1\nfi\n# This output is used by Xcode 'outputs' to avoid re-running this script phase.\necho \"SUCCESS\" > \"${SCRIPT_OUTPUT_FILE_0}\"\n";
			showEnvVarsInLog = 0;
		};
/* End PBXShellScriptBuildPhase section */

/* Begin PBXSourcesBuildPhase section */
		C88C20552BFE8CAF00886365 /* Sources */ = {
			isa = PBXSourcesBuildPhase;
			buildActionMask = 2147483647;
			files = (
				C88C20612BFE8CAF00886365 /* ViewController.swift in Sources */,
				03B68E082C01A1950054DA74 /* PaymentViewController.swift in Sources */,
				C88C205D2BFE8CAF00886365 /* AppDelegate.swift in Sources */,
				7F359E932BFEB9B700D0D733 /* BrandsCollectionViewCell.swift in Sources */,
				7F359E8A2BFE9CFC00D0D733 /* TabBarCorners.swift in Sources */,
				C88C205F2BFE8CAF00886365 /* SceneDelegate.swift in Sources */,
				7F359E962BFEBD7200D0D733 /* HomeViewController.swift in Sources */,
				03B68E052C019DAE0054DA74 /* PaymentMethodTableViewCell.swift in Sources */,
				03E40B6A2C01E2AB00345DE2 /* SettingsViewController.swift in Sources */,
				7F359E982BFF4DC500D0D733 /* CouponsCollectionViewCell.swift in Sources */,
				03A7F5552C0164E500F68AC7 /* CartTableViewCell.swift in Sources */,
				03A7F5522C01484000F68AC7 /* CartViewController.swift in Sources */,
				03B68E0A2C01A3160054DA74 /* PaymentMethodModel.swift in Sources */,
				03B68E002C019AAE0054DA74 /* OrderModel.swift in Sources */,
				D478FC682BFF49D700BBA2BB /* WelcomeViewController.swift in Sources */,
			);
			runOnlyForDeploymentPostprocessing = 0;
		};
		C88C206B2BFE8CB500886365 /* Sources */ = {
			isa = PBXSourcesBuildPhase;
			buildActionMask = 2147483647;
			files = (
				C88C20742BFE8CB600886365 /* EleganceHubTests.swift in Sources */,
			);
			runOnlyForDeploymentPostprocessing = 0;
		};
		C88C20752BFE8CB600886365 /* Sources */ = {
			isa = PBXSourcesBuildPhase;
			buildActionMask = 2147483647;
			files = (
				C88C20802BFE8CB600886365 /* EleganceHubUITestsLaunchTests.swift in Sources */,
				C88C207E2BFE8CB600886365 /* EleganceHubUITests.swift in Sources */,
			);
			runOnlyForDeploymentPostprocessing = 0;
		};
/* End PBXSourcesBuildPhase section */

/* Begin PBXTargetDependency section */
		C88C20712BFE8CB500886365 /* PBXTargetDependency */ = {
			isa = PBXTargetDependency;
			target = C88C20582BFE8CAF00886365 /* EleganceHub */;
			targetProxy = C88C20702BFE8CB500886365 /* PBXContainerItemProxy */;
		};
		C88C207B2BFE8CB600886365 /* PBXTargetDependency */ = {
			isa = PBXTargetDependency;
			target = C88C20582BFE8CAF00886365 /* EleganceHub */;
			targetProxy = C88C207A2BFE8CB600886365 /* PBXContainerItemProxy */;
		};
/* End PBXTargetDependency section */

/* Begin PBXVariantGroup section */
		C88C20622BFE8CAF00886365 /* Main.storyboard */ = {
			isa = PBXVariantGroup;
			children = (
				C88C20632BFE8CAF00886365 /* Base */,
			);
			name = Main.storyboard;
			sourceTree = "<group>";
		};
		C88C20672BFE8CB400886365 /* LaunchScreen.storyboard */ = {
			isa = PBXVariantGroup;
			children = (
				C88C20682BFE8CB400886365 /* Base */,
			);
			name = LaunchScreen.storyboard;
			sourceTree = "<group>";
		};
/* End PBXVariantGroup section */

/* Begin XCBuildConfiguration section */
		C88C20812BFE8CB600886365 /* Debug */ = {
			isa = XCBuildConfiguration;
			buildSettings = {
				ALWAYS_SEARCH_USER_PATHS = NO;
				CLANG_ANALYZER_NONNULL = YES;
				CLANG_ANALYZER_NUMBER_OBJECT_CONVERSION = YES_AGGRESSIVE;
				CLANG_CXX_LANGUAGE_STANDARD = "gnu++20";
				CLANG_ENABLE_MODULES = YES;
				CLANG_ENABLE_OBJC_ARC = YES;
				CLANG_ENABLE_OBJC_WEAK = YES;
				CLANG_WARN_BLOCK_CAPTURE_AUTORELEASING = YES;
				CLANG_WARN_BOOL_CONVERSION = YES;
				CLANG_WARN_COMMA = YES;
				CLANG_WARN_CONSTANT_CONVERSION = YES;
				CLANG_WARN_DEPRECATED_OBJC_IMPLEMENTATIONS = YES;
				CLANG_WARN_DIRECT_OBJC_ISA_USAGE = YES_ERROR;
				CLANG_WARN_DOCUMENTATION_COMMENTS = YES;
				CLANG_WARN_EMPTY_BODY = YES;
				CLANG_WARN_ENUM_CONVERSION = YES;
				CLANG_WARN_INFINITE_RECURSION = YES;
				CLANG_WARN_INT_CONVERSION = YES;
				CLANG_WARN_NON_LITERAL_NULL_CONVERSION = YES;
				CLANG_WARN_OBJC_IMPLICIT_RETAIN_SELF = YES;
				CLANG_WARN_OBJC_LITERAL_CONVERSION = YES;
				CLANG_WARN_OBJC_ROOT_CLASS = YES_ERROR;
				CLANG_WARN_QUOTED_INCLUDE_IN_FRAMEWORK_HEADER = YES;
				CLANG_WARN_RANGE_LOOP_ANALYSIS = YES;
				CLANG_WARN_STRICT_PROTOTYPES = YES;
				CLANG_WARN_SUSPICIOUS_MOVE = YES;
				CLANG_WARN_UNGUARDED_AVAILABILITY = YES_AGGRESSIVE;
				CLANG_WARN_UNREACHABLE_CODE = YES;
				CLANG_WARN__DUPLICATE_METHOD_MATCH = YES;
				COPY_PHASE_STRIP = NO;
				DEBUG_INFORMATION_FORMAT = dwarf;
				ENABLE_STRICT_OBJC_MSGSEND = YES;
				ENABLE_TESTABILITY = YES;
				GCC_C_LANGUAGE_STANDARD = gnu11;
				GCC_DYNAMIC_NO_PIC = NO;
				GCC_NO_COMMON_BLOCKS = YES;
				GCC_OPTIMIZATION_LEVEL = 0;
				GCC_PREPROCESSOR_DEFINITIONS = (
					"DEBUG=1",
					"$(inherited)",
				);
				GCC_WARN_64_TO_32_BIT_CONVERSION = YES;
				GCC_WARN_ABOUT_RETURN_TYPE = YES_ERROR;
				GCC_WARN_UNDECLARED_SELECTOR = YES;
				GCC_WARN_UNINITIALIZED_AUTOS = YES_AGGRESSIVE;
				GCC_WARN_UNUSED_FUNCTION = YES;
				GCC_WARN_UNUSED_VARIABLE = YES;
				IPHONEOS_DEPLOYMENT_TARGET = 16.2;
				MTL_ENABLE_DEBUG_INFO = INCLUDE_SOURCE;
				MTL_FAST_MATH = YES;
				ONLY_ACTIVE_ARCH = YES;
				SDKROOT = iphoneos;
				SWIFT_ACTIVE_COMPILATION_CONDITIONS = DEBUG;
				SWIFT_OPTIMIZATION_LEVEL = "-Onone";
			};
			name = Debug;
		};
		C88C20822BFE8CB600886365 /* Release */ = {
			isa = XCBuildConfiguration;
			buildSettings = {
				ALWAYS_SEARCH_USER_PATHS = NO;
				CLANG_ANALYZER_NONNULL = YES;
				CLANG_ANALYZER_NUMBER_OBJECT_CONVERSION = YES_AGGRESSIVE;
				CLANG_CXX_LANGUAGE_STANDARD = "gnu++20";
				CLANG_ENABLE_MODULES = YES;
				CLANG_ENABLE_OBJC_ARC = YES;
				CLANG_ENABLE_OBJC_WEAK = YES;
				CLANG_WARN_BLOCK_CAPTURE_AUTORELEASING = YES;
				CLANG_WARN_BOOL_CONVERSION = YES;
				CLANG_WARN_COMMA = YES;
				CLANG_WARN_CONSTANT_CONVERSION = YES;
				CLANG_WARN_DEPRECATED_OBJC_IMPLEMENTATIONS = YES;
				CLANG_WARN_DIRECT_OBJC_ISA_USAGE = YES_ERROR;
				CLANG_WARN_DOCUMENTATION_COMMENTS = YES;
				CLANG_WARN_EMPTY_BODY = YES;
				CLANG_WARN_ENUM_CONVERSION = YES;
				CLANG_WARN_INFINITE_RECURSION = YES;
				CLANG_WARN_INT_CONVERSION = YES;
				CLANG_WARN_NON_LITERAL_NULL_CONVERSION = YES;
				CLANG_WARN_OBJC_IMPLICIT_RETAIN_SELF = YES;
				CLANG_WARN_OBJC_LITERAL_CONVERSION = YES;
				CLANG_WARN_OBJC_ROOT_CLASS = YES_ERROR;
				CLANG_WARN_QUOTED_INCLUDE_IN_FRAMEWORK_HEADER = YES;
				CLANG_WARN_RANGE_LOOP_ANALYSIS = YES;
				CLANG_WARN_STRICT_PROTOTYPES = YES;
				CLANG_WARN_SUSPICIOUS_MOVE = YES;
				CLANG_WARN_UNGUARDED_AVAILABILITY = YES_AGGRESSIVE;
				CLANG_WARN_UNREACHABLE_CODE = YES;
				CLANG_WARN__DUPLICATE_METHOD_MATCH = YES;
				COPY_PHASE_STRIP = NO;
				DEBUG_INFORMATION_FORMAT = "dwarf-with-dsym";
				ENABLE_NS_ASSERTIONS = NO;
				ENABLE_STRICT_OBJC_MSGSEND = YES;
				GCC_C_LANGUAGE_STANDARD = gnu11;
				GCC_NO_COMMON_BLOCKS = YES;
				GCC_WARN_64_TO_32_BIT_CONVERSION = YES;
				GCC_WARN_ABOUT_RETURN_TYPE = YES_ERROR;
				GCC_WARN_UNDECLARED_SELECTOR = YES;
				GCC_WARN_UNINITIALIZED_AUTOS = YES_AGGRESSIVE;
				GCC_WARN_UNUSED_FUNCTION = YES;
				GCC_WARN_UNUSED_VARIABLE = YES;
				IPHONEOS_DEPLOYMENT_TARGET = 16.2;
				MTL_ENABLE_DEBUG_INFO = NO;
				MTL_FAST_MATH = YES;
				SDKROOT = iphoneos;
				SWIFT_COMPILATION_MODE = wholemodule;
				SWIFT_OPTIMIZATION_LEVEL = "-O";
				VALIDATE_PRODUCT = YES;
			};
			name = Release;
		};
		C88C20842BFE8CB600886365 /* Debug */ = {
			isa = XCBuildConfiguration;
			baseConfigurationReference = 8964028234E4E728CF2EA612 /* Pods-EleganceHub.debug.xcconfig */;
			buildSettings = {
				ASSETCATALOG_COMPILER_APPICON_NAME = AppIcon;
				ASSETCATALOG_COMPILER_GLOBAL_ACCENT_COLOR_NAME = AccentColor;
				CODE_SIGN_STYLE = Automatic;
				CURRENT_PROJECT_VERSION = 1;
				DEVELOPMENT_TEAM = MWZJ3A6CNJ;
				GENERATE_INFOPLIST_FILE = YES;
				INFOPLIST_FILE = EleganceHub/Info.plist;
				INFOPLIST_KEY_UIApplicationSupportsIndirectInputEvents = YES;
				INFOPLIST_KEY_UILaunchStoryboardName = LaunchScreen;
				INFOPLIST_KEY_UIMainStoryboardFile = Main;
				INFOPLIST_KEY_UISupportedInterfaceOrientations_iPad = "UIInterfaceOrientationPortrait UIInterfaceOrientationPortraitUpsideDown UIInterfaceOrientationLandscapeLeft UIInterfaceOrientationLandscapeRight";
				INFOPLIST_KEY_UISupportedInterfaceOrientations_iPhone = "UIInterfaceOrientationPortrait UIInterfaceOrientationLandscapeLeft UIInterfaceOrientationLandscapeRight";
				LD_RUNPATH_SEARCH_PATHS = (
					"$(inherited)",
					"@executable_path/Frameworks",
				);
				MARKETING_VERSION = 1.0;
				PRODUCT_BUNDLE_IDENTIFIER = com.ahmedfekry.EleganceHub;
				PRODUCT_NAME = "$(TARGET_NAME)";
				SWIFT_EMIT_LOC_STRINGS = YES;
				SWIFT_VERSION = 5.0;
				TARGETED_DEVICE_FAMILY = "1,2";
			};
			name = Debug;
		};
		C88C20852BFE8CB600886365 /* Release */ = {
			isa = XCBuildConfiguration;
			baseConfigurationReference = D3FA8F1ACF453A7E799A0792 /* Pods-EleganceHub.release.xcconfig */;
			buildSettings = {
				ASSETCATALOG_COMPILER_APPICON_NAME = AppIcon;
				ASSETCATALOG_COMPILER_GLOBAL_ACCENT_COLOR_NAME = AccentColor;
				CODE_SIGN_STYLE = Automatic;
				CURRENT_PROJECT_VERSION = 1;
				DEVELOPMENT_TEAM = MWZJ3A6CNJ;
				GENERATE_INFOPLIST_FILE = YES;
				INFOPLIST_FILE = EleganceHub/Info.plist;
				INFOPLIST_KEY_UIApplicationSupportsIndirectInputEvents = YES;
				INFOPLIST_KEY_UILaunchStoryboardName = LaunchScreen;
				INFOPLIST_KEY_UIMainStoryboardFile = Main;
				INFOPLIST_KEY_UISupportedInterfaceOrientations_iPad = "UIInterfaceOrientationPortrait UIInterfaceOrientationPortraitUpsideDown UIInterfaceOrientationLandscapeLeft UIInterfaceOrientationLandscapeRight";
				INFOPLIST_KEY_UISupportedInterfaceOrientations_iPhone = "UIInterfaceOrientationPortrait UIInterfaceOrientationLandscapeLeft UIInterfaceOrientationLandscapeRight";
				LD_RUNPATH_SEARCH_PATHS = (
					"$(inherited)",
					"@executable_path/Frameworks",
				);
				MARKETING_VERSION = 1.0;
				PRODUCT_BUNDLE_IDENTIFIER = com.ahmedfekry.EleganceHub;
				PRODUCT_NAME = "$(TARGET_NAME)";
				SWIFT_EMIT_LOC_STRINGS = YES;
				SWIFT_VERSION = 5.0;
				TARGETED_DEVICE_FAMILY = "1,2";
			};
			name = Release;
		};
		C88C20872BFE8CB600886365 /* Debug */ = {
			isa = XCBuildConfiguration;
			baseConfigurationReference = 1BE2F76C89CB56A6C91EF8B7 /* Pods-EleganceHubTests.debug.xcconfig */;
			buildSettings = {
				ALWAYS_EMBED_SWIFT_STANDARD_LIBRARIES = YES;
				BUNDLE_LOADER = "$(TEST_HOST)";
				CODE_SIGN_STYLE = Automatic;
				CURRENT_PROJECT_VERSION = 1;
				DEVELOPMENT_TEAM = MWZJ3A6CNJ;
				GENERATE_INFOPLIST_FILE = YES;
				IPHONEOS_DEPLOYMENT_TARGET = 16.2;
				MARKETING_VERSION = 1.0;
				PRODUCT_BUNDLE_IDENTIFIER = com.ahmedfekry.EleganceHubTests;
				PRODUCT_NAME = "$(TARGET_NAME)";
				SWIFT_EMIT_LOC_STRINGS = NO;
				SWIFT_VERSION = 5.0;
				TARGETED_DEVICE_FAMILY = "1,2";
				TEST_HOST = "$(BUILT_PRODUCTS_DIR)/EleganceHub.app/$(BUNDLE_EXECUTABLE_FOLDER_PATH)/EleganceHub";
			};
			name = Debug;
		};
		C88C20882BFE8CB600886365 /* Release */ = {
			isa = XCBuildConfiguration;
			baseConfigurationReference = 8742FAA0010C6E09FF4C59DC /* Pods-EleganceHubTests.release.xcconfig */;
			buildSettings = {
				ALWAYS_EMBED_SWIFT_STANDARD_LIBRARIES = YES;
				BUNDLE_LOADER = "$(TEST_HOST)";
				CODE_SIGN_STYLE = Automatic;
				CURRENT_PROJECT_VERSION = 1;
				DEVELOPMENT_TEAM = MWZJ3A6CNJ;
				GENERATE_INFOPLIST_FILE = YES;
				IPHONEOS_DEPLOYMENT_TARGET = 16.2;
				MARKETING_VERSION = 1.0;
				PRODUCT_BUNDLE_IDENTIFIER = com.ahmedfekry.EleganceHubTests;
				PRODUCT_NAME = "$(TARGET_NAME)";
				SWIFT_EMIT_LOC_STRINGS = NO;
				SWIFT_VERSION = 5.0;
				TARGETED_DEVICE_FAMILY = "1,2";
				TEST_HOST = "$(BUILT_PRODUCTS_DIR)/EleganceHub.app/$(BUNDLE_EXECUTABLE_FOLDER_PATH)/EleganceHub";
			};
			name = Release;
		};
		C88C208A2BFE8CB600886365 /* Debug */ = {
			isa = XCBuildConfiguration;
			baseConfigurationReference = B6B004924D3376DD4DE18E35 /* Pods-EleganceHub-EleganceHubUITests.debug.xcconfig */;
			buildSettings = {
				ALWAYS_EMBED_SWIFT_STANDARD_LIBRARIES = YES;
				CODE_SIGN_STYLE = Automatic;
				CURRENT_PROJECT_VERSION = 1;
				DEVELOPMENT_TEAM = MWZJ3A6CNJ;
				GENERATE_INFOPLIST_FILE = YES;
				MARKETING_VERSION = 1.0;
				PRODUCT_BUNDLE_IDENTIFIER = com.ahmedfekry.EleganceHubUITests;
				PRODUCT_NAME = "$(TARGET_NAME)";
				SWIFT_EMIT_LOC_STRINGS = NO;
				SWIFT_VERSION = 5.0;
				TARGETED_DEVICE_FAMILY = "1,2";
				TEST_TARGET_NAME = EleganceHub;
			};
			name = Debug;
		};
		C88C208B2BFE8CB600886365 /* Release */ = {
			isa = XCBuildConfiguration;
			baseConfigurationReference = EB8234701D34F1C511068448 /* Pods-EleganceHub-EleganceHubUITests.release.xcconfig */;
			buildSettings = {
				ALWAYS_EMBED_SWIFT_STANDARD_LIBRARIES = YES;
				CODE_SIGN_STYLE = Automatic;
				CURRENT_PROJECT_VERSION = 1;
				DEVELOPMENT_TEAM = MWZJ3A6CNJ;
				GENERATE_INFOPLIST_FILE = YES;
				MARKETING_VERSION = 1.0;
				PRODUCT_BUNDLE_IDENTIFIER = com.ahmedfekry.EleganceHubUITests;
				PRODUCT_NAME = "$(TARGET_NAME)";
				SWIFT_EMIT_LOC_STRINGS = NO;
				SWIFT_VERSION = 5.0;
				TARGETED_DEVICE_FAMILY = "1,2";
				TEST_TARGET_NAME = EleganceHub;
			};
			name = Release;
		};
/* End XCBuildConfiguration section */

/* Begin XCConfigurationList section */
		C88C20542BFE8CAF00886365 /* Build configuration list for PBXProject "EleganceHub" */ = {
			isa = XCConfigurationList;
			buildConfigurations = (
				C88C20812BFE8CB600886365 /* Debug */,
				C88C20822BFE8CB600886365 /* Release */,
			);
			defaultConfigurationIsVisible = 0;
			defaultConfigurationName = Release;
		};
		C88C20832BFE8CB600886365 /* Build configuration list for PBXNativeTarget "EleganceHub" */ = {
			isa = XCConfigurationList;
			buildConfigurations = (
				C88C20842BFE8CB600886365 /* Debug */,
				C88C20852BFE8CB600886365 /* Release */,
			);
			defaultConfigurationIsVisible = 0;
			defaultConfigurationName = Release;
		};
		C88C20862BFE8CB600886365 /* Build configuration list for PBXNativeTarget "EleganceHubTests" */ = {
			isa = XCConfigurationList;
			buildConfigurations = (
				C88C20872BFE8CB600886365 /* Debug */,
				C88C20882BFE8CB600886365 /* Release */,
			);
			defaultConfigurationIsVisible = 0;
			defaultConfigurationName = Release;
		};
		C88C20892BFE8CB600886365 /* Build configuration list for PBXNativeTarget "EleganceHubUITests" */ = {
			isa = XCConfigurationList;
			buildConfigurations = (
				C88C208A2BFE8CB600886365 /* Debug */,
				C88C208B2BFE8CB600886365 /* Release */,
			);
			defaultConfigurationIsVisible = 0;
			defaultConfigurationName = Release;
		};
/* End XCConfigurationList section */
	};
	rootObject = C88C20512BFE8CAF00886365 /* Project object */;
}
